PODS:
  - AFNetworking (3.0.4):
    - AFNetworking/NSURLSession (= 3.0.4)
    - AFNetworking/Reachability (= 3.0.4)
    - AFNetworking/Security (= 3.0.4)
    - AFNetworking/Serialization (= 3.0.4)
    - AFNetworking/UIKit (= 3.0.4)
  - AFNetworking/NSURLSession (3.0.4):
    - AFNetworking/Reachability
    - AFNetworking/Security
    - AFNetworking/Serialization
  - AFNetworking/Reachability (3.0.4)
  - AFNetworking/Security (3.0.4)
  - AFNetworking/Serialization (3.0.4)
  - AFNetworking/UIKit (3.0.4):
    - AFNetworking/NSURLSession
  - AliPay (2.1.2)
  - BaiduMapKit (2.9.1)
  - BlocksKit (2.2.5):
    - BlocksKit/All (= 2.2.5)
  - BlocksKit/All (2.2.5):
    - BlocksKit/Core
    - BlocksKit/DynamicDelegate
    - BlocksKit/MessageUI
    - BlocksKit/UIKit
  - BlocksKit/Core (2.2.5)
  - BlocksKit/DynamicDelegate (2.2.5)
  - BlocksKit/MessageUI (2.2.5):
    - BlocksKit/Core
    - BlocksKit/DynamicDelegate
  - BlocksKit/UIKit (2.2.5):
    - BlocksKit/Core
    - BlocksKit/DynamicDelegate
  - FMDB (2.6.2):
    - FMDB/standard (= 2.6.2)
  - FMDB/standard (2.6.2)
  - HMSegmentedControl (1.5.2)
  - IQKeyboardManager (3.3.7)
  - JSONModel (1.1.2)
  - libqrencode (3.4.2)
  - Masonry (0.6.4)
  - MBProgressHUD (0.9.2)
  - MJRefresh (3.0.8)
  - MZTimerLabel (0.5.4)
  - pop (1.0.9)
  - SDWebImage (3.8.1):
    - SDWebImage/Core (= 3.8.1)
  - SDWebImage-Category (1.4):
    - SDWebImage
  - SDWebImage/Core (3.8.1)
  - XMLReader-Arc (1.1)

DEPENDENCIES:
  - AFNetworking (~> 3.0.4)
  - AliPay (~> 2.1.2)
  - BaiduMapKit (~> 2.9.1)
  - BlocksKit (~> 2.2.5)
  - FMDB (~> 2.5)
  - HMSegmentedControl (~> 1.5.2)
  - IQKeyboardManager (~> 3.3.4)
  - JSONModel (~> 1.1.2)
  - libqrencode (~> 3.4.2)
  - Masonry (~> 0.6.3)
  - MBProgressHUD (~> 0.9.1)
  - MJRefresh (~> 3.0.7)
  - MZTimerLabel (~> 0.5.4)
  - pop (~> 1.0.9)
  - SDWebImage-Category (~> 1.4)
  - XMLReader-Arc (~> 1.1)

SPEC CHECKSUMS:
  AFNetworking: a0075feb321559dc78d9d85b55d11caa19eabb93
  AliPay: 2bd35a4e486d2a8c035043023cd846e886bb21d1
  BaiduMapKit: 97d2d44b41a876de2371fb91ddf78cdf84dafa05
  BlocksKit: 7f422b971407001178d181a43b99014ea2591fe6
  FMDB: 854a0341b4726e53276f2a8996f06f1b80f9259a
  HMSegmentedControl: 83b9686022d2176fb6457d2bdb61e5d6393fed7d
  IQKeyboardManager: 249c3946acf61345c18b038eb50863fe2793e3a8
  JSONModel: 216584d0311b053ff714f1d6cb700dbf890847bc
  libqrencode: 43dc34b89af83ea4b07c409cd8e09c87aa3a1c9f
  Masonry: 281802d04d787ea2973179ee8bcb50500579ede2
  MBProgressHUD: 1569cf7ace17a8bac47aabfbb8580a49690386d1
  MJRefresh: fafde8f18f4afd66b434331a9beb67a6c0264056
  MZTimerLabel: cd9bfb9304540ef2a9e163384fca9c978f0dbf83
  pop: f667631a5108a2e60d9e8797c9b32ddaf2080bce
  SDWebImage: 35f9627a3e44b4f292a8a8ce6a531fa488239b91
  SDWebImage-Category: 1f1c00880a538f7faf5b726e1559cf1ca555c553
  XMLReader-Arc: 7832c527346fc26511fd6c05ebcee18008c34d6d

PODFILE CHECKSUM: d72be72ca24b11365788e9f3c62f1e490f0f5d62

COCOAPODS: 1.0.1
