// !$*UTF8*$!
{
	archiveVersion = 1;
	classes = {
	};
	objectVersion = 46;
	objects = {

/* Begin PBXBuildFile section */
		031B6D5D1D19764B00BD2585 /* GoodsClassVc.m in Sources */ = {isa = PBXBuildFile; fileRef = 031B6D5B1D19764B00BD2585 /* GoodsClassVc.m */; };
		031B6D5E1D19764B00BD2585 /* GoodsClassVc.xib in Resources */ = {isa = PBXBuildFile; fileRef = 031B6D5C1D19764B00BD2585 /* GoodsClassVc.xib */; };
		031B6D621D197D3600BD2585 /* Img_ContentCell.m in Sources */ = {isa = PBXBuildFile; fileRef = 031B6D601D197D3600BD2585 /* Img_ContentCell.m */; };
		031B6D631D197D3600BD2585 /* Img_ContentCell.xib in Resources */ = {isa = PBXBuildFile; fileRef = 031B6D611D197D3600BD2585 /* Img_ContentCell.xib */; };
		031B6D661D19894000BD2585 /* SearchBarView.m in Sources */ = {isa = PBXBuildFile; fileRef = 031B6D651D19894000BD2585 /* SearchBarView.m */; };
		031B6D681D19895800BD2585 /* SearchBarView.xib in Resources */ = {isa = PBXBuildFile; fileRef = 031B6D671D19895800BD2585 /* SearchBarView.xib */; };
		032224D51D22761E00B20525 /* RedCouponVc.m in Sources */ = {isa = PBXBuildFile; fileRef = 032224D41D22761E00B20525 /* RedCouponVc.m */; };
		032224D81D22762F00B20525 /* CouponListVc.m in Sources */ = {isa = PBXBuildFile; fileRef = 032224D71D22762F00B20525 /* CouponListVc.m */; };
		032224DC1D2278A200B20525 /* CouponListCell.m in Sources */ = {isa = PBXBuildFile; fileRef = 032224DA1D2278A200B20525 /* CouponListCell.m */; };
		032224DD1D2278A200B20525 /* CouponListCell.xib in Resources */ = {isa = PBXBuildFile; fileRef = 032224DB1D2278A200B20525 /* CouponListCell.xib */; };
		032940DA1D1E507C000D54D9 /* CountInfoVc.m in Sources */ = {isa = PBXBuildFile; fileRef = 032940D91D1E507C000D54D9 /* CountInfoVc.m */; };
		032940DD1D1E5389000D54D9 /* CountView.m in Sources */ = {isa = PBXBuildFile; fileRef = 032940DC1D1E5389000D54D9 /* CountView.m */; };
		032940DF1D1E5393000D54D9 /* CountView.xib in Resources */ = {isa = PBXBuildFile; fileRef = 032940DE1D1E5393000D54D9 /* CountView.xib */; };
		032940E21D1E6ECF000D54D9 /* CountWebVc.m in Sources */ = {isa = PBXBuildFile; fileRef = 032940E11D1E6ECF000D54D9 /* CountWebVc.m */; };
		032940E51D1E9DD8000D54D9 /* MyNumbers.m in Sources */ = {isa = PBXBuildFile; fileRef = 032940E41D1E9DD8000D54D9 /* MyNumbers.m */; };
		032940E81D1EA9B8000D54D9 /* AllCountsView.m in Sources */ = {isa = PBXBuildFile; fileRef = 032940E71D1EA9B8000D54D9 /* AllCountsView.m */; };
		032940EA1D1EAA52000D54D9 /* AllCountsView.xib in Resources */ = {isa = PBXBuildFile; fileRef = 032940E91D1EAA52000D54D9 /* AllCountsView.xib */; };
		03376B2A1D1AB51B004EE048 /* SearchBarVc.m in Sources */ = {isa = PBXBuildFile; fileRef = 03376B281D1AB51B004EE048 /* SearchBarVc.m */; };
		03376B2B1D1AB51B004EE048 /* SearchBarVc.xib in Resources */ = {isa = PBXBuildFile; fileRef = 03376B291D1AB51B004EE048 /* SearchBarVc.xib */; };
		03376B2F1D1ABBA6004EE048 /* SearchListCell.m in Sources */ = {isa = PBXBuildFile; fileRef = 03376B2D1D1ABBA6004EE048 /* SearchListCell.m */; };
		03376B301D1ABBA6004EE048 /* SearchListCell.xib in Resources */ = {isa = PBXBuildFile; fileRef = 03376B2E1D1ABBA6004EE048 /* SearchListCell.xib */; };
		03376B331D1AC71A004EE048 /* HelpVc.m in Sources */ = {isa = PBXBuildFile; fileRef = 03376B321D1AC71A004EE048 /* HelpVc.m */; };
		03376B361D1ADB77004EE048 /* HelpInfo.m in Sources */ = {isa = PBXBuildFile; fileRef = 03376B351D1ADB77004EE048 /* HelpInfo.m */; };
		03376B3B1D1AE1BB004EE048 /* NewsCells.m in Sources */ = {isa = PBXBuildFile; fileRef = 03376B391D1AE1BB004EE048 /* NewsCells.m */; };
		03376B3C1D1AE1BB004EE048 /* NewsCells.xib in Resources */ = {isa = PBXBuildFile; fileRef = 03376B3A1D1AE1BB004EE048 /* NewsCells.xib */; };
		034D89E01D1BB173005806C7 /* GoodsInfoVc.m in Sources */ = {isa = PBXBuildFile; fileRef = 034D89DF1D1BB173005806C7 /* GoodsInfoVc.m */; };
		034D89E31D1BB21F005806C7 /* GoodsInfoTopView.m in Sources */ = {isa = PBXBuildFile; fileRef = 034D89E21D1BB21F005806C7 /* GoodsInfoTopView.m */; };
		034D89E51D1BB234005806C7 /* GoodsInfoTopView.xib in Resources */ = {isa = PBXBuildFile; fileRef = 034D89E41D1BB234005806C7 /* GoodsInfoTopView.xib */; };
		034D89E81D1BB37E005806C7 /* GoodsWinnerView.m in Sources */ = {isa = PBXBuildFile; fileRef = 034D89E71D1BB37E005806C7 /* GoodsWinnerView.m */; };
		034D89EA1D1BB387005806C7 /* GoodsWinnerView.xib in Resources */ = {isa = PBXBuildFile; fileRef = 034D89E91D1BB387005806C7 /* GoodsWinnerView.xib */; };
		034D89ED1D1BCD29005806C7 /* GoodsCountsView.m in Sources */ = {isa = PBXBuildFile; fileRef = 034D89EC1D1BCD29005806C7 /* GoodsCountsView.m */; };
		034D89EF1D1BCD32005806C7 /* GoodsCountsView.xib in Resources */ = {isa = PBXBuildFile; fileRef = 034D89EE1D1BCD32005806C7 /* GoodsCountsView.xib */; };
		0360BCD71D2264EE00A2C07D /* UserNewsVc.m in Sources */ = {isa = PBXBuildFile; fileRef = 0360BCD61D2264EE00A2C07D /* UserNewsVc.m */; };
		0360BCDC1D22656900A2C07D /* UserNewsCell.m in Sources */ = {isa = PBXBuildFile; fileRef = 0360BCDA1D22656900A2C07D /* UserNewsCell.m */; };
		0360BCDD1D22656900A2C07D /* UserNewsCell.xib in Resources */ = {isa = PBXBuildFile; fileRef = 0360BCDB1D22656900A2C07D /* UserNewsCell.xib */; };
		037232DD1D20B85000F258D2 /* UserTopView.m in Sources */ = {isa = PBXBuildFile; fileRef = 037232DC1D20B85000F258D2 /* UserTopView.m */; };
		037232DF1D20B85800F258D2 /* UserTopView.xib in Resources */ = {isa = PBXBuildFile; fileRef = 037232DE1D20B85800F258D2 /* UserTopView.xib */; };
		037232E41D20F7AA00F258D2 /* ShopListCells.m in Sources */ = {isa = PBXBuildFile; fileRef = 037232E21D20F7AA00F258D2 /* ShopListCells.m */; };
		037232E51D20F7AA00F258D2 /* ShopListCells.xib in Resources */ = {isa = PBXBuildFile; fileRef = 037232E31D20F7AA00F258D2 /* ShopListCells.xib */; };
		037232E81D21175D00F258D2 /* WinHistoryVc.m in Sources */ = {isa = PBXBuildFile; fileRef = 037232E71D21175D00F258D2 /* WinHistoryVc.m */; };
		037232ED1D21209700F258D2 /* HistoryListCells.m in Sources */ = {isa = PBXBuildFile; fileRef = 037232EB1D21209700F258D2 /* HistoryListCells.m */; };
		037232EE1D21209700F258D2 /* HistoryListCells.xib in Resources */ = {isa = PBXBuildFile; fileRef = 037232EC1D21209700F258D2 /* HistoryListCells.xib */; };
		038B18EC1D1270D7007C1CC8 /* main.m in Sources */ = {isa = PBXBuildFile; fileRef = 038B18EB1D1270D7007C1CC8 /* main.m */; };
		038B18EF1D1270D7007C1CC8 /* AppDelegate.m in Sources */ = {isa = PBXBuildFile; fileRef = 038B18EE1D1270D7007C1CC8 /* AppDelegate.m */; };
		038B18F21D1270D7007C1CC8 /* ViewController.m in Sources */ = {isa = PBXBuildFile; fileRef = 038B18F11D1270D7007C1CC8 /* ViewController.m */; };
		038B18F51D1270D7007C1CC8 /* Main.storyboard in Resources */ = {isa = PBXBuildFile; fileRef = 038B18F31D1270D7007C1CC8 /* Main.storyboard */; };
		038B18F71D1270D7007C1CC8 /* Assets.xcassets in Resources */ = {isa = PBXBuildFile; fileRef = 038B18F61D1270D7007C1CC8 /* Assets.xcassets */; };
		038B18FA1D1270D7007C1CC8 /* LaunchScreen.storyboard in Resources */ = {isa = PBXBuildFile; fileRef = 038B18F81D1270D7007C1CC8 /* LaunchScreen.storyboard */; };
		038B19311D12A44B007C1CC8 /* Cipher.m in Sources */ = {isa = PBXBuildFile; fileRef = 038B19081D12A44B007C1CC8 /* Cipher.m */; };
		038B19331D12A44B007C1CC8 /* NSDate+Addition.m in Sources */ = {isa = PBXBuildFile; fileRef = 038B190C1D12A44B007C1CC8 /* NSDate+Addition.m */; };
		038B19341D12A44B007C1CC8 /* NSString+Addition.m in Sources */ = {isa = PBXBuildFile; fileRef = 038B190E1D12A44B007C1CC8 /* NSString+Addition.m */; };
		038B19351D12A44B007C1CC8 /* UIBarButtonItem+Badge.m in Sources */ = {isa = PBXBuildFile; fileRef = 038B19101D12A44B007C1CC8 /* UIBarButtonItem+Badge.m */; };
		038B19371D12A44B007C1CC8 /* UIFont+Addtion.m in Sources */ = {isa = PBXBuildFile; fileRef = 038B19141D12A44B007C1CC8 /* UIFont+Addtion.m */; };
		038B19381D12A44B007C1CC8 /* UIImage+Scale.m in Sources */ = {isa = PBXBuildFile; fileRef = 038B19161D12A44B007C1CC8 /* UIImage+Scale.m */; };
		038B19391D12A44B007C1CC8 /* UIView+Layout.m in Sources */ = {isa = PBXBuildFile; fileRef = 038B19181D12A44B007C1CC8 /* UIView+Layout.m */; };
		038B193A1D12A44B007C1CC8 /* UITableView+GSCacheHeight.m in Sources */ = {isa = PBXBuildFile; fileRef = 038B191B1D12A44B007C1CC8 /* UITableView+GSCacheHeight.m */; };
		038B193C1D12A44B007C1CC8 /* UITableViewCell+GSMasonryAutoCellHeight.m in Sources */ = {isa = PBXBuildFile; fileRef = 038B191F1D12A44B007C1CC8 /* UITableViewCell+GSMasonryAutoCellHeight.m */; };
		038B193E1D12A44B007C1CC8 /* Block-KVO.podspec in Resources */ = {isa = PBXBuildFile; fileRef = 038B19231D12A44B007C1CC8 /* Block-KVO.podspec */; };
		038B193F1D12A44B007C1CC8 /* MTKDeallocator.m in Sources */ = {isa = PBXBuildFile; fileRef = 038B19251D12A44B007C1CC8 /* MTKDeallocator.m */; };
		038B19401D12A44B007C1CC8 /* MTKObserver.m in Sources */ = {isa = PBXBuildFile; fileRef = 038B19271D12A44B007C1CC8 /* MTKObserver.m */; };
		038B19411D12A44B007C1CC8 /* NSObject+MTKObserving.m in Sources */ = {isa = PBXBuildFile; fileRef = 038B192B1D12A44B007C1CC8 /* NSObject+MTKObserving.m */; };
		038B19561D12A88F007C1CC8 /* ASCache.m in Sources */ = {isa = PBXBuildFile; fileRef = 038B19471D12A88F007C1CC8 /* ASCache.m */; };
		038B19571D12A88F007C1CC8 /* EGOCache.m in Sources */ = {isa = PBXBuildFile; fileRef = 038B19491D12A88F007C1CC8 /* EGOCache.m */; };
		038B19581D12A88F007C1CC8 /* ASWaitingView.m in Sources */ = {isa = PBXBuildFile; fileRef = 038B194C1D12A88F007C1CC8 /* ASWaitingView.m */; };
		038B19591D12A88F007C1CC8 /* MBProgressHUD+JY.m in Sources */ = {isa = PBXBuildFile; fileRef = 038B194E1D12A88F007C1CC8 /* MBProgressHUD+JY.m */; };
		038B195A1D12A88F007C1CC8 /* MBProgressHUD.bundle in Resources */ = {isa = PBXBuildFile; fileRef = 038B194F1D12A88F007C1CC8 /* MBProgressHUD.bundle */; };
		038B195B1D12A88F007C1CC8 /* GSValidate.m in Sources */ = {isa = PBXBuildFile; fileRef = 038B19521D12A88F007C1CC8 /* GSValidate.m */; };
		038B195C1D12A88F007C1CC8 /* ASPageView.m in Sources */ = {isa = PBXBuildFile; fileRef = 038B19551D12A88F007C1CC8 /* ASPageView.m */; };
		038B195F1D12A8D8007C1CC8 /* RootViewController.m in Sources */ = {isa = PBXBuildFile; fileRef = 038B195E1D12A8D8007C1CC8 /* RootViewController.m */; };
		03BB29511D17757800EDEDFD /* MainTabBarVc.m in Sources */ = {isa = PBXBuildFile; fileRef = 03BB29501D17757800EDEDFD /* MainTabBarVc.m */; };
		03BB29541D17765F00EDEDFD /* UITabBarItem+Universal.m in Sources */ = {isa = PBXBuildFile; fileRef = 03BB29531D17765F00EDEDFD /* UITabBarItem+Universal.m */; };
		03BB295C1D17821700EDEDFD /* MainVc.m in Sources */ = {isa = PBXBuildFile; fileRef = 03BB295B1D17821700EDEDFD /* MainVc.m */; };
		03BB295F1D17822C00EDEDFD /* UserVc.m in Sources */ = {isa = PBXBuildFile; fileRef = 03BB295E1D17822C00EDEDFD /* UserVc.m */; };
		03BB29621D17824C00EDEDFD /* NewsVc.m in Sources */ = {isa = PBXBuildFile; fileRef = 03BB29611D17824C00EDEDFD /* NewsVc.m */; };
		03BB29651D17825800EDEDFD /* HistoryVc.m in Sources */ = {isa = PBXBuildFile; fileRef = 03BB29641D17825800EDEDFD /* HistoryVc.m */; };
		03BB29681D17826400EDEDFD /* ListVc.m in Sources */ = {isa = PBXBuildFile; fileRef = 03BB29671D17826400EDEDFD /* ListVc.m */; };
		03BB296F1D178E6B00EDEDFD /* SearchListVc.m in Sources */ = {isa = PBXBuildFile; fileRef = 03BB296E1D178E6B00EDEDFD /* SearchListVc.m */; };
		03BB29731D1799A400EDEDFD /* MainClassView.m in Sources */ = {isa = PBXBuildFile; fileRef = 03BB29721D1799A400EDEDFD /* MainClassView.m */; };
		03BB29771D179A7500EDEDFD /* MainClassModel.m in Sources */ = {isa = PBXBuildFile; fileRef = 03BB29761D179A7500EDEDFD /* MainClassModel.m */; };
		03BB297A1D17B14300EDEDFD /* GoodsView.m in Sources */ = {isa = PBXBuildFile; fileRef = 03BB29791D17B14300EDEDFD /* GoodsView.m */; };
		03BB297D1D17B1BC00EDEDFD /* MainGoodsModel.m in Sources */ = {isa = PBXBuildFile; fileRef = 03BB297C1D17B1BC00EDEDFD /* MainGoodsModel.m */; };
		03BB29801D17C8D200EDEDFD /* MainTopView.m in Sources */ = {isa = PBXBuildFile; fileRef = 03BB297F1D17C8D200EDEDFD /* MainTopView.m */; };
		03BB29831D17C91E00EDEDFD /* MainSegmentView.m in Sources */ = {isa = PBXBuildFile; fileRef = 03BB29821D17C91E00EDEDFD /* MainSegmentView.m */; };
		03BB29871D17CBB900EDEDFD /* XLPlainFlowLayout.m in Sources */ = {isa = PBXBuildFile; fileRef = 03BB29861D17CBB900EDEDFD /* XLPlainFlowLayout.m */; };
		03BF770D1D216C7C00F1270F /* SheZhiVc.m in Sources */ = {isa = PBXBuildFile; fileRef = 03BF770C1D216C7C00F1270F /* SheZhiVc.m */; };
		03C5BCF11D18EE6300060FB3 /* RegisterVc.m in Sources */ = {isa = PBXBuildFile; fileRef = 03C5BCEF1D18EE6300060FB3 /* RegisterVc.m */; };
		03C5BCF21D18EE6300060FB3 /* RegisterVc.xib in Resources */ = {isa = PBXBuildFile; fileRef = 03C5BCF01D18EE6300060FB3 /* RegisterVc.xib */; };
		03C5BCF61D19080E00060FB3 /* ResetPassWordVc.m in Sources */ = {isa = PBXBuildFile; fileRef = 03C5BCF41D19080E00060FB3 /* ResetPassWordVc.m */; };
		03C5BCF71D19080E00060FB3 /* ResetPassWordVc.xib in Resources */ = {isa = PBXBuildFile; fileRef = 03C5BCF51D19080E00060FB3 /* ResetPassWordVc.xib */; };
		03C5BCFA1D191D1500060FB3 /* MainGoodsListCells.m in Sources */ = {isa = PBXBuildFile; fileRef = 03C5BCF91D191D1500060FB3 /* MainGoodsListCells.m */; };
		03D312DC1D1D023F00B2BB26 /* GoodsBottomView.m in Sources */ = {isa = PBXBuildFile; fileRef = 03D312DB1D1D023F00B2BB26 /* GoodsBottomView.m */; };
		03D312DE1D1D024A00B2BB26 /* GoodsBottomView.xib in Resources */ = {isa = PBXBuildFile; fileRef = 03D312DD1D1D024900B2BB26 /* GoodsBottomView.xib */; };
		03D312E11D1D138800B2BB26 /* ShoppingView.m in Sources */ = {isa = PBXBuildFile; fileRef = 03D312E01D1D138800B2BB26 /* ShoppingView.m */; };
		03D312E31D1D139C00B2BB26 /* ShoppingView.xib in Resources */ = {isa = PBXBuildFile; fileRef = 03D312E21D1D139C00B2BB26 /* ShoppingView.xib */; };
		03D312E61D1D1E4900B2BB26 /* PAStepper.m in Sources */ = {isa = PBXBuildFile; fileRef = 03D312E51D1D1E4900B2BB26 /* PAStepper.m */; };
		03D50DA01D1C1C950017AAC3 /* Title_ContentOrImg_Cell.m in Sources */ = {isa = PBXBuildFile; fileRef = 03D50D9F1D1C1C950017AAC3 /* Title_ContentOrImg_Cell.m */; };
		03D50DA41D1C27C80017AAC3 /* GoodsUsersCell.m in Sources */ = {isa = PBXBuildFile; fileRef = 03D50DA21D1C27C80017AAC3 /* GoodsUsersCell.m */; };
		03D50DA51D1C27C80017AAC3 /* GoodsUsersCell.xib in Resources */ = {isa = PBXBuildFile; fileRef = 03D50DA31D1C27C80017AAC3 /* GoodsUsersCell.xib */; };
		03D50DA81D1C34970017AAC3 /* HistoryWinnersVc.m in Sources */ = {isa = PBXBuildFile; fileRef = 03D50DA71D1C34970017AAC3 /* HistoryWinnersVc.m */; };
		03D50DAC1D1C34DF0017AAC3 /* WinnerListCell.m in Sources */ = {isa = PBXBuildFile; fileRef = 03D50DAA1D1C34DF0017AAC3 /* WinnerListCell.m */; };
		03D50DAD1D1C34DF0017AAC3 /* WinnerListCell.xib in Resources */ = {isa = PBXBuildFile; fileRef = 03D50DAB1D1C34DF0017AAC3 /* WinnerListCell.xib */; };
		03EB70DC1D1834AA00A94E50 /* LoginVC.m in Sources */ = {isa = PBXBuildFile; fileRef = 03EB70DA1D1834AA00A94E50 /* LoginVC.m */; };
		03EB70DD1D1834AA00A94E50 /* LoginVC.xib in Resources */ = {isa = PBXBuildFile; fileRef = 03EB70DB1D1834AA00A94E50 /* LoginVC.xib */; };
		03EB70E11D1835A800A94E50 /* Img_TextfieldCell.m in Sources */ = {isa = PBXBuildFile; fileRef = 03EB70DF1D1835A800A94E50 /* Img_TextfieldCell.m */; };
		03EB70E21D1835A800A94E50 /* Img_TextfieldCell.xib in Resources */ = {isa = PBXBuildFile; fileRef = 03EB70E01D1835A800A94E50 /* Img_TextfieldCell.xib */; };
		7CFE79213E058E49324C66B2 /* libPods-BuyApp.a in Frameworks */ = {isa = PBXBuildFile; fileRef = 375A0C6C2CA33FE8A8CA6566 /* libPods-BuyApp.a */; };
/* End PBXBuildFile section */

/* Begin PBXFileReference section */
		031B6D5A1D19764B00BD2585 /* GoodsClassVc.h */ = {isa = PBXFileReference; fileEncoding = 4; lastKnownFileType = sourcecode.c.h; path = GoodsClassVc.h; sourceTree = "<group>"; };
		031B6D5B1D19764B00BD2585 /* GoodsClassVc.m */ = {isa = PBXFileReference; fileEncoding = 4; lastKnownFileType = sourcecode.c.objc; path = GoodsClassVc.m; sourceTree = "<group>"; };
		031B6D5C1D19764B00BD2585 /* GoodsClassVc.xib */ = {isa = PBXFileReference; fileEncoding = 4; lastKnownFileType = file.xib; path = GoodsClassVc.xib; sourceTree = "<group>"; };
		031B6D5F1D197D3600BD2585 /* Img_ContentCell.h */ = {isa = PBXFileReference; fileEncoding = 4; lastKnownFileType = sourcecode.c.h; path = Img_ContentCell.h; sourceTree = "<group>"; };
		031B6D601D197D3600BD2585 /* Img_ContentCell.m */ = {isa = PBXFileReference; fileEncoding = 4; lastKnownFileType = sourcecode.c.objc; path = Img_ContentCell.m; sourceTree = "<group>"; };
		031B6D611D197D3600BD2585 /* Img_ContentCell.xib */ = {isa = PBXFileReference; fileEncoding = 4; lastKnownFileType = file.xib; path = Img_ContentCell.xib; sourceTree = "<group>"; };
		031B6D641D19894000BD2585 /* SearchBarView.h */ = {isa = PBXFileReference; fileEncoding = 4; lastKnownFileType = sourcecode.c.h; path = SearchBarView.h; sourceTree = "<group>"; };
		031B6D651D19894000BD2585 /* SearchBarView.m */ = {isa = PBXFileReference; fileEncoding = 4; lastKnownFileType = sourcecode.c.objc; path = SearchBarView.m; sourceTree = "<group>"; };
		031B6D671D19895800BD2585 /* SearchBarView.xib */ = {isa = PBXFileReference; fileEncoding = 4; lastKnownFileType = file.xib; path = SearchBarView.xib; sourceTree = "<group>"; };
		032224D31D22761E00B20525 /* RedCouponVc.h */ = {isa = PBXFileReference; fileEncoding = 4; lastKnownFileType = sourcecode.c.h; path = RedCouponVc.h; sourceTree = "<group>"; };
		032224D41D22761E00B20525 /* RedCouponVc.m */ = {isa = PBXFileReference; fileEncoding = 4; lastKnownFileType = sourcecode.c.objc; path = RedCouponVc.m; sourceTree = "<group>"; };
		032224D61D22762F00B20525 /* CouponListVc.h */ = {isa = PBXFileReference; fileEncoding = 4; lastKnownFileType = sourcecode.c.h; path = CouponListVc.h; sourceTree = "<group>"; };
		032224D71D22762F00B20525 /* CouponListVc.m */ = {isa = PBXFileReference; fileEncoding = 4; lastKnownFileType = sourcecode.c.objc; path = CouponListVc.m; sourceTree = "<group>"; };
		032224D91D2278A200B20525 /* CouponListCell.h */ = {isa = PBXFileReference; fileEncoding = 4; lastKnownFileType = sourcecode.c.h; path = CouponListCell.h; sourceTree = "<group>"; };
		032224DA1D2278A200B20525 /* CouponListCell.m */ = {isa = PBXFileReference; fileEncoding = 4; lastKnownFileType = sourcecode.c.objc; path = CouponListCell.m; sourceTree = "<group>"; };
		032224DB1D2278A200B20525 /* CouponListCell.xib */ = {isa = PBXFileReference; fileEncoding = 4; lastKnownFileType = file.xib; path = CouponListCell.xib; sourceTree = "<group>"; };
		032940D81D1E507C000D54D9 /* CountInfoVc.h */ = {isa = PBXFileReference; fileEncoding = 4; lastKnownFileType = sourcecode.c.h; path = CountInfoVc.h; sourceTree = "<group>"; };
		032940D91D1E507C000D54D9 /* CountInfoVc.m */ = {isa = PBXFileReference; fileEncoding = 4; lastKnownFileType = sourcecode.c.objc; path = CountInfoVc.m; sourceTree = "<group>"; };
		032940DB1D1E5389000D54D9 /* CountView.h */ = {isa = PBXFileReference; fileEncoding = 4; lastKnownFileType = sourcecode.c.h; path = CountView.h; sourceTree = "<group>"; };
		032940DC1D1E5389000D54D9 /* CountView.m */ = {isa = PBXFileReference; fileEncoding = 4; lastKnownFileType = sourcecode.c.objc; path = CountView.m; sourceTree = "<group>"; };
		032940DE1D1E5393000D54D9 /* CountView.xib */ = {isa = PBXFileReference; fileEncoding = 4; lastKnownFileType = file.xib; path = CountView.xib; sourceTree = "<group>"; };
		032940E01D1E6ECF000D54D9 /* CountWebVc.h */ = {isa = PBXFileReference; fileEncoding = 4; lastKnownFileType = sourcecode.c.h; path = CountWebVc.h; sourceTree = "<group>"; };
		032940E11D1E6ECF000D54D9 /* CountWebVc.m */ = {isa = PBXFileReference; fileEncoding = 4; lastKnownFileType = sourcecode.c.objc; path = CountWebVc.m; sourceTree = "<group>"; };
		032940E31D1E9DD8000D54D9 /* MyNumbers.h */ = {isa = PBXFileReference; fileEncoding = 4; lastKnownFileType = sourcecode.c.h; path = MyNumbers.h; sourceTree = "<group>"; };
		032940E41D1E9DD8000D54D9 /* MyNumbers.m */ = {isa = PBXFileReference; fileEncoding = 4; lastKnownFileType = sourcecode.c.objc; path = MyNumbers.m; sourceTree = "<group>"; };
		032940E61D1EA9B8000D54D9 /* AllCountsView.h */ = {isa = PBXFileReference; fileEncoding = 4; lastKnownFileType = sourcecode.c.h; path = AllCountsView.h; sourceTree = "<group>"; };
		032940E71D1EA9B8000D54D9 /* AllCountsView.m */ = {isa = PBXFileReference; fileEncoding = 4; lastKnownFileType = sourcecode.c.objc; path = AllCountsView.m; sourceTree = "<group>"; };
		032940E91D1EAA52000D54D9 /* AllCountsView.xib */ = {isa = PBXFileReference; fileEncoding = 4; lastKnownFileType = file.xib; path = AllCountsView.xib; sourceTree = "<group>"; };
		03376B271D1AB51B004EE048 /* SearchBarVc.h */ = {isa = PBXFileReference; fileEncoding = 4; lastKnownFileType = sourcecode.c.h; path = SearchBarVc.h; sourceTree = "<group>"; };
		03376B281D1AB51B004EE048 /* SearchBarVc.m */ = {isa = PBXFileReference; fileEncoding = 4; lastKnownFileType = sourcecode.c.objc; path = SearchBarVc.m; sourceTree = "<group>"; };
		03376B291D1AB51B004EE048 /* SearchBarVc.xib */ = {isa = PBXFileReference; fileEncoding = 4; lastKnownFileType = file.xib; path = SearchBarVc.xib; sourceTree = "<group>"; };
		03376B2C1D1ABBA6004EE048 /* SearchListCell.h */ = {isa = PBXFileReference; fileEncoding = 4; lastKnownFileType = sourcecode.c.h; path = SearchListCell.h; sourceTree = "<group>"; };
		03376B2D1D1ABBA6004EE048 /* SearchListCell.m */ = {isa = PBXFileReference; fileEncoding = 4; lastKnownFileType = sourcecode.c.objc; path = SearchListCell.m; sourceTree = "<group>"; };
		03376B2E1D1ABBA6004EE048 /* SearchListCell.xib */ = {isa = PBXFileReference; fileEncoding = 4; lastKnownFileType = file.xib; path = SearchListCell.xib; sourceTree = "<group>"; };
		03376B311D1AC71A004EE048 /* HelpVc.h */ = {isa = PBXFileReference; fileEncoding = 4; lastKnownFileType = sourcecode.c.h; path = HelpVc.h; sourceTree = "<group>"; };
		03376B321D1AC71A004EE048 /* HelpVc.m */ = {isa = PBXFileReference; fileEncoding = 4; lastKnownFileType = sourcecode.c.objc; path = HelpVc.m; sourceTree = "<group>"; };
		03376B341D1ADB77004EE048 /* HelpInfo.h */ = {isa = PBXFileReference; fileEncoding = 4; lastKnownFileType = sourcecode.c.h; path = HelpInfo.h; sourceTree = "<group>"; };
		03376B351D1ADB77004EE048 /* HelpInfo.m */ = {isa = PBXFileReference; fileEncoding = 4; lastKnownFileType = sourcecode.c.objc; path = HelpInfo.m; sourceTree = "<group>"; };
		03376B381D1AE1BB004EE048 /* NewsCells.h */ = {isa = PBXFileReference; fileEncoding = 4; lastKnownFileType = sourcecode.c.h; path = NewsCells.h; sourceTree = "<group>"; };
		03376B391D1AE1BB004EE048 /* NewsCells.m */ = {isa = PBXFileReference; fileEncoding = 4; lastKnownFileType = sourcecode.c.objc; path = NewsCells.m; sourceTree = "<group>"; };
		03376B3A1D1AE1BB004EE048 /* NewsCells.xib */ = {isa = PBXFileReference; fileEncoding = 4; lastKnownFileType = file.xib; path = NewsCells.xib; sourceTree = "<group>"; };
		034D89DE1D1BB173005806C7 /* GoodsInfoVc.h */ = {isa = PBXFileReference; fileEncoding = 4; lastKnownFileType = sourcecode.c.h; path = GoodsInfoVc.h; sourceTree = "<group>"; };
		034D89DF1D1BB173005806C7 /* GoodsInfoVc.m */ = {isa = PBXFileReference; fileEncoding = 4; lastKnownFileType = sourcecode.c.objc; path = GoodsInfoVc.m; sourceTree = "<group>"; };
		034D89E11D1BB21F005806C7 /* GoodsInfoTopView.h */ = {isa = PBXFileReference; fileEncoding = 4; lastKnownFileType = sourcecode.c.h; path = GoodsInfoTopView.h; sourceTree = "<group>"; };
		034D89E21D1BB21F005806C7 /* GoodsInfoTopView.m */ = {isa = PBXFileReference; fileEncoding = 4; lastKnownFileType = sourcecode.c.objc; path = GoodsInfoTopView.m; sourceTree = "<group>"; };
		034D89E41D1BB234005806C7 /* GoodsInfoTopView.xib */ = {isa = PBXFileReference; fileEncoding = 4; lastKnownFileType = file.xib; path = GoodsInfoTopView.xib; sourceTree = "<group>"; };
		034D89E61D1BB37E005806C7 /* GoodsWinnerView.h */ = {isa = PBXFileReference; fileEncoding = 4; lastKnownFileType = sourcecode.c.h; path = GoodsWinnerView.h; sourceTree = "<group>"; };
		034D89E71D1BB37E005806C7 /* GoodsWinnerView.m */ = {isa = PBXFileReference; fileEncoding = 4; lastKnownFileType = sourcecode.c.objc; path = GoodsWinnerView.m; sourceTree = "<group>"; };
		034D89E91D1BB387005806C7 /* GoodsWinnerView.xib */ = {isa = PBXFileReference; fileEncoding = 4; lastKnownFileType = file.xib; path = GoodsWinnerView.xib; sourceTree = "<group>"; };
		034D89EB1D1BCD29005806C7 /* GoodsCountsView.h */ = {isa = PBXFileReference; fileEncoding = 4; lastKnownFileType = sourcecode.c.h; path = GoodsCountsView.h; sourceTree = "<group>"; };
		034D89EC1D1BCD29005806C7 /* GoodsCountsView.m */ = {isa = PBXFileReference; fileEncoding = 4; lastKnownFileType = sourcecode.c.objc; path = GoodsCountsView.m; sourceTree = "<group>"; };
		034D89EE1D1BCD32005806C7 /* GoodsCountsView.xib */ = {isa = PBXFileReference; fileEncoding = 4; lastKnownFileType = file.xib; path = GoodsCountsView.xib; sourceTree = "<group>"; };
		0360BCD51D2264EE00A2C07D /* UserNewsVc.h */ = {isa = PBXFileReference; fileEncoding = 4; lastKnownFileType = sourcecode.c.h; path = UserNewsVc.h; sourceTree = "<group>"; };
		0360BCD61D2264EE00A2C07D /* UserNewsVc.m */ = {isa = PBXFileReference; fileEncoding = 4; lastKnownFileType = sourcecode.c.objc; path = UserNewsVc.m; sourceTree = "<group>"; };
		0360BCD91D22656900A2C07D /* UserNewsCell.h */ = {isa = PBXFileReference; fileEncoding = 4; lastKnownFileType = sourcecode.c.h; path = UserNewsCell.h; sourceTree = "<group>"; };
		0360BCDA1D22656900A2C07D /* UserNewsCell.m */ = {isa = PBXFileReference; fileEncoding = 4; lastKnownFileType = sourcecode.c.objc; path = UserNewsCell.m; sourceTree = "<group>"; };
		0360BCDB1D22656900A2C07D /* UserNewsCell.xib */ = {isa = PBXFileReference; fileEncoding = 4; lastKnownFileType = file.xib; path = UserNewsCell.xib; sourceTree = "<group>"; };
		037232DB1D20B85000F258D2 /* UserTopView.h */ = {isa = PBXFileReference; fileEncoding = 4; lastKnownFileType = sourcecode.c.h; path = UserTopView.h; sourceTree = "<group>"; };
		037232DC1D20B85000F258D2 /* UserTopView.m */ = {isa = PBXFileReference; fileEncoding = 4; lastKnownFileType = sourcecode.c.objc; path = UserTopView.m; sourceTree = "<group>"; };
		037232DE1D20B85800F258D2 /* UserTopView.xib */ = {isa = PBXFileReference; fileEncoding = 4; lastKnownFileType = file.xib; path = UserTopView.xib; sourceTree = "<group>"; };
		037232E11D20F7AA00F258D2 /* ShopListCells.h */ = {isa = PBXFileReference; fileEncoding = 4; lastKnownFileType = sourcecode.c.h; path = ShopListCells.h; sourceTree = "<group>"; };
		037232E21D20F7AA00F258D2 /* ShopListCells.m */ = {isa = PBXFileReference; fileEncoding = 4; lastKnownFileType = sourcecode.c.objc; path = ShopListCells.m; sourceTree = "<group>"; };
		037232E31D20F7AA00F258D2 /* ShopListCells.xib */ = {isa = PBXFileReference; fileEncoding = 4; lastKnownFileType = file.xib; path = ShopListCells.xib; sourceTree = "<group>"; };
		037232E61D21175D00F258D2 /* WinHistoryVc.h */ = {isa = PBXFileReference; fileEncoding = 4; lastKnownFileType = sourcecode.c.h; path = WinHistoryVc.h; sourceTree = "<group>"; };
		037232E71D21175D00F258D2 /* WinHistoryVc.m */ = {isa = PBXFileReference; fileEncoding = 4; lastKnownFileType = sourcecode.c.objc; path = WinHistoryVc.m; sourceTree = "<group>"; };
		037232EA1D21209700F258D2 /* HistoryListCells.h */ = {isa = PBXFileReference; fileEncoding = 4; lastKnownFileType = sourcecode.c.h; path = HistoryListCells.h; sourceTree = "<group>"; };
		037232EB1D21209700F258D2 /* HistoryListCells.m */ = {isa = PBXFileReference; fileEncoding = 4; lastKnownFileType = sourcecode.c.objc; path = HistoryListCells.m; sourceTree = "<group>"; };
		037232EC1D21209700F258D2 /* HistoryListCells.xib */ = {isa = PBXFileReference; fileEncoding = 4; lastKnownFileType = file.xib; path = HistoryListCells.xib; sourceTree = "<group>"; };
		038B18E71D1270D7007C1CC8 /* BuyApp.app */ = {isa = PBXFileReference; explicitFileType = wrapper.application; includeInIndex = 0; path = BuyApp.app; sourceTree = BUILT_PRODUCTS_DIR; };
		038B18EB1D1270D7007C1CC8 /* main.m */ = {isa = PBXFileReference; lastKnownFileType = sourcecode.c.objc; path = main.m; sourceTree = "<group>"; };
		038B18ED1D1270D7007C1CC8 /* AppDelegate.h */ = {isa = PBXFileReference; lastKnownFileType = sourcecode.c.h; path = AppDelegate.h; sourceTree = "<group>"; };
		038B18EE1D1270D7007C1CC8 /* AppDelegate.m */ = {isa = PBXFileReference; lastKnownFileType = sourcecode.c.objc; path = AppDelegate.m; sourceTree = "<group>"; };
		038B18F01D1270D7007C1CC8 /* ViewController.h */ = {isa = PBXFileReference; lastKnownFileType = sourcecode.c.h; path = ViewController.h; sourceTree = "<group>"; };
		038B18F11D1270D7007C1CC8 /* ViewController.m */ = {isa = PBXFileReference; lastKnownFileType = sourcecode.c.objc; path = ViewController.m; sourceTree = "<group>"; };
		038B18F41D1270D7007C1CC8 /* Base */ = {isa = PBXFileReference; lastKnownFileType = file.storyboard; name = Base; path = Base.lproj/Main.storyboard; sourceTree = "<group>"; };
		038B18F61D1270D7007C1CC8 /* Assets.xcassets */ = {isa = PBXFileReference; lastKnownFileType = folder.assetcatalog; path = Assets.xcassets; sourceTree = "<group>"; };
		038B18F91D1270D7007C1CC8 /* Base */ = {isa = PBXFileReference; lastKnownFileType = file.storyboard; name = Base; path = Base.lproj/LaunchScreen.storyboard; sourceTree = "<group>"; };
		038B18FB1D1270D7007C1CC8 /* Info.plist */ = {isa = PBXFileReference; lastKnownFileType = text.plist.xml; path = Info.plist; sourceTree = "<group>"; };
		038B19071D12A44B007C1CC8 /* Cipher.h */ = {isa = PBXFileReference; fileEncoding = 4; lastKnownFileType = sourcecode.c.h; path = Cipher.h; sourceTree = "<group>"; };
		038B19081D12A44B007C1CC8 /* Cipher.m */ = {isa = PBXFileReference; fileEncoding = 4; lastKnownFileType = sourcecode.c.objc; path = Cipher.m; sourceTree = "<group>"; };
		038B190B1D12A44B007C1CC8 /* NSDate+Addition.h */ = {isa = PBXFileReference; fileEncoding = 4; lastKnownFileType = sourcecode.c.h; path = "NSDate+Addition.h"; sourceTree = "<group>"; };
		038B190C1D12A44B007C1CC8 /* NSDate+Addition.m */ = {isa = PBXFileReference; fileEncoding = 4; lastKnownFileType = sourcecode.c.objc; path = "NSDate+Addition.m"; sourceTree = "<group>"; };
		038B190D1D12A44B007C1CC8 /* NSString+Addition.h */ = {isa = PBXFileReference; fileEncoding = 4; lastKnownFileType = sourcecode.c.h; path = "NSString+Addition.h"; sourceTree = "<group>"; };
		038B190E1D12A44B007C1CC8 /* NSString+Addition.m */ = {isa = PBXFileReference; fileEncoding = 4; lastKnownFileType = sourcecode.c.objc; path = "NSString+Addition.m"; sourceTree = "<group>"; };
		038B190F1D12A44B007C1CC8 /* UIBarButtonItem+Badge.h */ = {isa = PBXFileReference; fileEncoding = 4; lastKnownFileType = sourcecode.c.h; path = "UIBarButtonItem+Badge.h"; sourceTree = "<group>"; };
		038B19101D12A44B007C1CC8 /* UIBarButtonItem+Badge.m */ = {isa = PBXFileReference; fileEncoding = 4; lastKnownFileType = sourcecode.c.objc; path = "UIBarButtonItem+Badge.m"; sourceTree = "<group>"; };
		038B19131D12A44B007C1CC8 /* UIFont+Addtion.h */ = {isa = PBXFileReference; fileEncoding = 4; lastKnownFileType = sourcecode.c.h; path = "UIFont+Addtion.h"; sourceTree = "<group>"; };
		038B19141D12A44B007C1CC8 /* UIFont+Addtion.m */ = {isa = PBXFileReference; fileEncoding = 4; lastKnownFileType = sourcecode.c.objc; path = "UIFont+Addtion.m"; sourceTree = "<group>"; };
		038B19151D12A44B007C1CC8 /* UIImage+Scale.h */ = {isa = PBXFileReference; fileEncoding = 4; lastKnownFileType = sourcecode.c.h; path = "UIImage+Scale.h"; sourceTree = "<group>"; };
		038B19161D12A44B007C1CC8 /* UIImage+Scale.m */ = {isa = PBXFileReference; fileEncoding = 4; lastKnownFileType = sourcecode.c.objc; path = "UIImage+Scale.m"; sourceTree = "<group>"; };
		038B19171D12A44B007C1CC8 /* UIView+Layout.h */ = {isa = PBXFileReference; fileEncoding = 4; lastKnownFileType = sourcecode.c.h; path = "UIView+Layout.h"; sourceTree = "<group>"; };
		038B19181D12A44B007C1CC8 /* UIView+Layout.m */ = {isa = PBXFileReference; fileEncoding = 4; lastKnownFileType = sourcecode.c.objc; path = "UIView+Layout.m"; sourceTree = "<group>"; };
		038B191A1D12A44B007C1CC8 /* UITableView+GSCacheHeight.h */ = {isa = PBXFileReference; fileEncoding = 4; lastKnownFileType = sourcecode.c.h; path = "UITableView+GSCacheHeight.h"; sourceTree = "<group>"; };
		038B191B1D12A44B007C1CC8 /* UITableView+GSCacheHeight.m */ = {isa = PBXFileReference; fileEncoding = 4; lastKnownFileType = sourcecode.c.objc; path = "UITableView+GSCacheHeight.m"; sourceTree = "<group>"; };
		038B191E1D12A44B007C1CC8 /* UITableViewCell+GSMasonryAutoCellHeight.h */ = {isa = PBXFileReference; fileEncoding = 4; lastKnownFileType = sourcecode.c.h; path = "UITableViewCell+GSMasonryAutoCellHeight.h"; sourceTree = "<group>"; };
		038B191F1D12A44B007C1CC8 /* UITableViewCell+GSMasonryAutoCellHeight.m */ = {isa = PBXFileReference; fileEncoding = 4; lastKnownFileType = sourcecode.c.objc; path = "UITableViewCell+GSMasonryAutoCellHeight.m"; sourceTree = "<group>"; };
		038B19231D12A44B007C1CC8 /* Block-KVO.podspec */ = {isa = PBXFileReference; fileEncoding = 4; lastKnownFileType = text; path = "Block-KVO.podspec"; sourceTree = "<group>"; };
		038B19241D12A44B007C1CC8 /* MTKDeallocator.h */ = {isa = PBXFileReference; fileEncoding = 4; lastKnownFileType = sourcecode.c.h; path = MTKDeallocator.h; sourceTree = "<group>"; };
		038B19251D12A44B007C1CC8 /* MTKDeallocator.m */ = {isa = PBXFileReference; fileEncoding = 4; lastKnownFileType = sourcecode.c.objc; path = MTKDeallocator.m; sourceTree = "<group>"; };
		038B19261D12A44B007C1CC8 /* MTKObserver.h */ = {isa = PBXFileReference; fileEncoding = 4; lastKnownFileType = sourcecode.c.h; path = MTKObserver.h; sourceTree = "<group>"; };
		038B19271D12A44B007C1CC8 /* MTKObserver.m */ = {isa = PBXFileReference; fileEncoding = 4; lastKnownFileType = sourcecode.c.objc; path = MTKObserver.m; sourceTree = "<group>"; };
		038B19281D12A44B007C1CC8 /* MTKObserving.h */ = {isa = PBXFileReference; fileEncoding = 4; lastKnownFileType = sourcecode.c.h; path = MTKObserving.h; sourceTree = "<group>"; };
		038B19291D12A44B007C1CC8 /* MTKObservingMacros.h */ = {isa = PBXFileReference; fileEncoding = 4; lastKnownFileType = sourcecode.c.h; path = MTKObservingMacros.h; sourceTree = "<group>"; };
		038B192A1D12A44B007C1CC8 /* NSObject+MTKObserving.h */ = {isa = PBXFileReference; fileEncoding = 4; lastKnownFileType = sourcecode.c.h; path = "NSObject+MTKObserving.h"; sourceTree = "<group>"; };
		038B192B1D12A44B007C1CC8 /* NSObject+MTKObserving.m */ = {isa = PBXFileReference; fileEncoding = 4; lastKnownFileType = sourcecode.c.objc; path = "NSObject+MTKObserving.m"; sourceTree = "<group>"; };
		038B192D1D12A44B007C1CC8 /* keypath.h */ = {isa = PBXFileReference; fileEncoding = 4; lastKnownFileType = sourcecode.c.h; path = keypath.h; sourceTree = "<group>"; };
		038B192E1D12A44B007C1CC8 /* metamacros.h */ = {isa = PBXFileReference; fileEncoding = 4; lastKnownFileType = sourcecode.c.h; path = metamacros.h; sourceTree = "<group>"; };
		038B192F1D12A44B007C1CC8 /* scope.h */ = {isa = PBXFileReference; fileEncoding = 4; lastKnownFileType = sourcecode.c.h; path = scope.h; sourceTree = "<group>"; };
		038B19431D12A4DA007C1CC8 /* PrefixHeader.pch */ = {isa = PBXFileReference; lastKnownFileType = sourcecode.c.h; path = PrefixHeader.pch; sourceTree = "<group>"; };
		038B19441D12A528007C1CC8 /* Define.h */ = {isa = PBXFileReference; lastKnownFileType = sourcecode.c.h; path = Define.h; sourceTree = "<group>"; };
		038B19461D12A88F007C1CC8 /* ASCache.h */ = {isa = PBXFileReference; fileEncoding = 4; lastKnownFileType = sourcecode.c.h; path = ASCache.h; sourceTree = "<group>"; };
		038B19471D12A88F007C1CC8 /* ASCache.m */ = {isa = PBXFileReference; fileEncoding = 4; lastKnownFileType = sourcecode.c.objc; path = ASCache.m; sourceTree = "<group>"; };
		038B19481D12A88F007C1CC8 /* EGOCache.h */ = {isa = PBXFileReference; fileEncoding = 4; lastKnownFileType = sourcecode.c.h; path = EGOCache.h; sourceTree = "<group>"; };
		038B19491D12A88F007C1CC8 /* EGOCache.m */ = {isa = PBXFileReference; fileEncoding = 4; lastKnownFileType = sourcecode.c.objc; path = EGOCache.m; sourceTree = "<group>"; };
		038B194B1D12A88F007C1CC8 /* ASWaitingView.h */ = {isa = PBXFileReference; fileEncoding = 4; lastKnownFileType = sourcecode.c.h; path = ASWaitingView.h; sourceTree = "<group>"; };
		038B194C1D12A88F007C1CC8 /* ASWaitingView.m */ = {isa = PBXFileReference; fileEncoding = 4; lastKnownFileType = sourcecode.c.objc; path = ASWaitingView.m; sourceTree = "<group>"; };
		038B194D1D12A88F007C1CC8 /* MBProgressHUD+JY.h */ = {isa = PBXFileReference; fileEncoding = 4; lastKnownFileType = sourcecode.c.h; path = "MBProgressHUD+JY.h"; sourceTree = "<group>"; };
		038B194E1D12A88F007C1CC8 /* MBProgressHUD+JY.m */ = {isa = PBXFileReference; fileEncoding = 4; lastKnownFileType = sourcecode.c.objc; path = "MBProgressHUD+JY.m"; sourceTree = "<group>"; };
		038B194F1D12A88F007C1CC8 /* MBProgressHUD.bundle */ = {isa = PBXFileReference; lastKnownFileType = "wrapper.plug-in"; path = MBProgressHUD.bundle; sourceTree = "<group>"; };
		038B19511D12A88F007C1CC8 /* GSValidate.h */ = {isa = PBXFileReference; fileEncoding = 4; lastKnownFileType = sourcecode.c.h; path = GSValidate.h; sourceTree = "<group>"; };
		038B19521D12A88F007C1CC8 /* GSValidate.m */ = {isa = PBXFileReference; fileEncoding = 4; lastKnownFileType = sourcecode.c.objc; path = GSValidate.m; sourceTree = "<group>"; };
		038B19541D12A88F007C1CC8 /* ASPageView.h */ = {isa = PBXFileReference; fileEncoding = 4; lastKnownFileType = sourcecode.c.h; path = ASPageView.h; sourceTree = "<group>"; };
		038B19551D12A88F007C1CC8 /* ASPageView.m */ = {isa = PBXFileReference; fileEncoding = 4; lastKnownFileType = sourcecode.c.objc; path = ASPageView.m; sourceTree = "<group>"; };
		038B195D1D12A8D8007C1CC8 /* RootViewController.h */ = {isa = PBXFileReference; fileEncoding = 4; lastKnownFileType = sourcecode.c.h; path = RootViewController.h; sourceTree = "<group>"; };
		038B195E1D12A8D8007C1CC8 /* RootViewController.m */ = {isa = PBXFileReference; fileEncoding = 4; lastKnownFileType = sourcecode.c.objc; path = RootViewController.m; sourceTree = "<group>"; };
		03BB294F1D17757800EDEDFD /* MainTabBarVc.h */ = {isa = PBXFileReference; fileEncoding = 4; lastKnownFileType = sourcecode.c.h; path = MainTabBarVc.h; sourceTree = "<group>"; };
		03BB29501D17757800EDEDFD /* MainTabBarVc.m */ = {isa = PBXFileReference; fileEncoding = 4; lastKnownFileType = sourcecode.c.objc; path = MainTabBarVc.m; sourceTree = "<group>"; };
		03BB29521D17765F00EDEDFD /* UITabBarItem+Universal.h */ = {isa = PBXFileReference; fileEncoding = 4; lastKnownFileType = sourcecode.c.h; path = "UITabBarItem+Universal.h"; sourceTree = "<group>"; };
		03BB29531D17765F00EDEDFD /* UITabBarItem+Universal.m */ = {isa = PBXFileReference; fileEncoding = 4; lastKnownFileType = sourcecode.c.objc; path = "UITabBarItem+Universal.m"; sourceTree = "<group>"; };
		03BB295A1D17821700EDEDFD /* MainVc.h */ = {isa = PBXFileReference; fileEncoding = 4; lastKnownFileType = sourcecode.c.h; path = MainVc.h; sourceTree = "<group>"; };
		03BB295B1D17821700EDEDFD /* MainVc.m */ = {isa = PBXFileReference; fileEncoding = 4; lastKnownFileType = sourcecode.c.objc; path = MainVc.m; sourceTree = "<group>"; };
		03BB295D1D17822C00EDEDFD /* UserVc.h */ = {isa = PBXFileReference; fileEncoding = 4; lastKnownFileType = sourcecode.c.h; path = UserVc.h; sourceTree = "<group>"; };
		03BB295E1D17822C00EDEDFD /* UserVc.m */ = {isa = PBXFileReference; fileEncoding = 4; lastKnownFileType = sourcecode.c.objc; path = UserVc.m; sourceTree = "<group>"; };
		03BB29601D17824C00EDEDFD /* NewsVc.h */ = {isa = PBXFileReference; fileEncoding = 4; lastKnownFileType = sourcecode.c.h; path = NewsVc.h; sourceTree = "<group>"; };
		03BB29611D17824C00EDEDFD /* NewsVc.m */ = {isa = PBXFileReference; fileEncoding = 4; lastKnownFileType = sourcecode.c.objc; path = NewsVc.m; sourceTree = "<group>"; };
		03BB29631D17825800EDEDFD /* HistoryVc.h */ = {isa = PBXFileReference; fileEncoding = 4; lastKnownFileType = sourcecode.c.h; path = HistoryVc.h; sourceTree = "<group>"; };
		03BB29641D17825800EDEDFD /* HistoryVc.m */ = {isa = PBXFileReference; fileEncoding = 4; lastKnownFileType = sourcecode.c.objc; path = HistoryVc.m; sourceTree = "<group>"; };
		03BB29661D17826400EDEDFD /* ListVc.h */ = {isa = PBXFileReference; fileEncoding = 4; lastKnownFileType = sourcecode.c.h; path = ListVc.h; sourceTree = "<group>"; };
		03BB29671D17826400EDEDFD /* ListVc.m */ = {isa = PBXFileReference; fileEncoding = 4; lastKnownFileType = sourcecode.c.objc; path = ListVc.m; sourceTree = "<group>"; };
		03BB296D1D178E6B00EDEDFD /* SearchListVc.h */ = {isa = PBXFileReference; fileEncoding = 4; lastKnownFileType = sourcecode.c.h; path = SearchListVc.h; sourceTree = "<group>"; };
		03BB296E1D178E6B00EDEDFD /* SearchListVc.m */ = {isa = PBXFileReference; fileEncoding = 4; lastKnownFileType = sourcecode.c.objc; path = SearchListVc.m; sourceTree = "<group>"; };
		03BB29711D1799A400EDEDFD /* MainClassView.h */ = {isa = PBXFileReference; fileEncoding = 4; lastKnownFileType = sourcecode.c.h; path = MainClassView.h; sourceTree = "<group>"; };
		03BB29721D1799A400EDEDFD /* MainClassView.m */ = {isa = PBXFileReference; fileEncoding = 4; lastKnownFileType = sourcecode.c.objc; path = MainClassView.m; sourceTree = "<group>"; };
		03BB29751D179A7500EDEDFD /* MainClassModel.h */ = {isa = PBXFileReference; fileEncoding = 4; lastKnownFileType = sourcecode.c.h; path = MainClassModel.h; sourceTree = "<group>"; };
		03BB29761D179A7500EDEDFD /* MainClassModel.m */ = {isa = PBXFileReference; fileEncoding = 4; lastKnownFileType = sourcecode.c.objc; path = MainClassModel.m; sourceTree = "<group>"; };
		03BB29781D17B14300EDEDFD /* GoodsView.h */ = {isa = PBXFileReference; fileEncoding = 4; lastKnownFileType = sourcecode.c.h; path = GoodsView.h; sourceTree = "<group>"; };
		03BB29791D17B14300EDEDFD /* GoodsView.m */ = {isa = PBXFileReference; fileEncoding = 4; lastKnownFileType = sourcecode.c.objc; path = GoodsView.m; sourceTree = "<group>"; };
		03BB297B1D17B1BC00EDEDFD /* MainGoodsModel.h */ = {isa = PBXFileReference; fileEncoding = 4; lastKnownFileType = sourcecode.c.h; path = MainGoodsModel.h; sourceTree = "<group>"; };
		03BB297C1D17B1BC00EDEDFD /* MainGoodsModel.m */ = {isa = PBXFileReference; fileEncoding = 4; lastKnownFileType = sourcecode.c.objc; path = MainGoodsModel.m; sourceTree = "<group>"; };
		03BB297E1D17C8D200EDEDFD /* MainTopView.h */ = {isa = PBXFileReference; fileEncoding = 4; lastKnownFileType = sourcecode.c.h; path = MainTopView.h; sourceTree = "<group>"; };
		03BB297F1D17C8D200EDEDFD /* MainTopView.m */ = {isa = PBXFileReference; fileEncoding = 4; lastKnownFileType = sourcecode.c.objc; path = MainTopView.m; sourceTree = "<group>"; };
		03BB29811D17C91E00EDEDFD /* MainSegmentView.h */ = {isa = PBXFileReference; fileEncoding = 4; lastKnownFileType = sourcecode.c.h; path = MainSegmentView.h; sourceTree = "<group>"; };
		03BB29821D17C91E00EDEDFD /* MainSegmentView.m */ = {isa = PBXFileReference; fileEncoding = 4; lastKnownFileType = sourcecode.c.objc; path = MainSegmentView.m; sourceTree = "<group>"; };
		03BB29851D17CBB900EDEDFD /* XLPlainFlowLayout.h */ = {isa = PBXFileReference; fileEncoding = 4; lastKnownFileType = sourcecode.c.h; path = XLPlainFlowLayout.h; sourceTree = "<group>"; };
		03BB29861D17CBB900EDEDFD /* XLPlainFlowLayout.m */ = {isa = PBXFileReference; fileEncoding = 4; lastKnownFileType = sourcecode.c.objc; path = XLPlainFlowLayout.m; sourceTree = "<group>"; };
		03BF770B1D216C7C00F1270F /* SheZhiVc.h */ = {isa = PBXFileReference; fileEncoding = 4; lastKnownFileType = sourcecode.c.h; path = SheZhiVc.h; sourceTree = "<group>"; };
		03BF770C1D216C7C00F1270F /* SheZhiVc.m */ = {isa = PBXFileReference; fileEncoding = 4; lastKnownFileType = sourcecode.c.objc; path = SheZhiVc.m; sourceTree = "<group>"; };
		03C5BCEE1D18EE6300060FB3 /* RegisterVc.h */ = {isa = PBXFileReference; fileEncoding = 4; lastKnownFileType = sourcecode.c.h; path = RegisterVc.h; sourceTree = "<group>"; };
		03C5BCEF1D18EE6300060FB3 /* RegisterVc.m */ = {isa = PBXFileReference; fileEncoding = 4; lastKnownFileType = sourcecode.c.objc; path = RegisterVc.m; sourceTree = "<group>"; };
		03C5BCF01D18EE6300060FB3 /* RegisterVc.xib */ = {isa = PBXFileReference; fileEncoding = 4; lastKnownFileType = file.xib; path = RegisterVc.xib; sourceTree = "<group>"; };
		03C5BCF31D19080E00060FB3 /* ResetPassWordVc.h */ = {isa = PBXFileReference; fileEncoding = 4; lastKnownFileType = sourcecode.c.h; path = ResetPassWordVc.h; sourceTree = "<group>"; };
		03C5BCF41D19080E00060FB3 /* ResetPassWordVc.m */ = {isa = PBXFileReference; fileEncoding = 4; lastKnownFileType = sourcecode.c.objc; path = ResetPassWordVc.m; sourceTree = "<group>"; };
		03C5BCF51D19080E00060FB3 /* ResetPassWordVc.xib */ = {isa = PBXFileReference; fileEncoding = 4; lastKnownFileType = file.xib; path = ResetPassWordVc.xib; sourceTree = "<group>"; };
		03C5BCF81D191D1500060FB3 /* MainGoodsListCells.h */ = {isa = PBXFileReference; fileEncoding = 4; lastKnownFileType = sourcecode.c.h; path = MainGoodsListCells.h; sourceTree = "<group>"; };
		03C5BCF91D191D1500060FB3 /* MainGoodsListCells.m */ = {isa = PBXFileReference; fileEncoding = 4; lastKnownFileType = sourcecode.c.objc; path = MainGoodsListCells.m; sourceTree = "<group>"; };
		03D312DA1D1D023F00B2BB26 /* GoodsBottomView.h */ = {isa = PBXFileReference; fileEncoding = 4; lastKnownFileType = sourcecode.c.h; path = GoodsBottomView.h; sourceTree = "<group>"; };
		03D312DB1D1D023F00B2BB26 /* GoodsBottomView.m */ = {isa = PBXFileReference; fileEncoding = 4; lastKnownFileType = sourcecode.c.objc; path = GoodsBottomView.m; sourceTree = "<group>"; };
		03D312DD1D1D024900B2BB26 /* GoodsBottomView.xib */ = {isa = PBXFileReference; fileEncoding = 4; lastKnownFileType = file.xib; path = GoodsBottomView.xib; sourceTree = "<group>"; };
		03D312DF1D1D138800B2BB26 /* ShoppingView.h */ = {isa = PBXFileReference; fileEncoding = 4; lastKnownFileType = sourcecode.c.h; path = ShoppingView.h; sourceTree = "<group>"; };
		03D312E01D1D138800B2BB26 /* ShoppingView.m */ = {isa = PBXFileReference; fileEncoding = 4; lastKnownFileType = sourcecode.c.objc; path = ShoppingView.m; sourceTree = "<group>"; };
		03D312E21D1D139C00B2BB26 /* ShoppingView.xib */ = {isa = PBXFileReference; fileEncoding = 4; lastKnownFileType = file.xib; path = ShoppingView.xib; sourceTree = "<group>"; };
		03D312E41D1D1E4900B2BB26 /* PAStepper.h */ = {isa = PBXFileReference; fileEncoding = 4; lastKnownFileType = sourcecode.c.h; path = PAStepper.h; sourceTree = "<group>"; };
		03D312E51D1D1E4900B2BB26 /* PAStepper.m */ = {isa = PBXFileReference; fileEncoding = 4; lastKnownFileType = sourcecode.c.objc; path = PAStepper.m; sourceTree = "<group>"; };
		03D50D9E1D1C1C950017AAC3 /* Title_ContentOrImg_Cell.h */ = {isa = PBXFileReference; fileEncoding = 4; lastKnownFileType = sourcecode.c.h; path = Title_ContentOrImg_Cell.h; sourceTree = "<group>"; };
		03D50D9F1D1C1C950017AAC3 /* Title_ContentOrImg_Cell.m */ = {isa = PBXFileReference; fileEncoding = 4; lastKnownFileType = sourcecode.c.objc; path = Title_ContentOrImg_Cell.m; sourceTree = "<group>"; };
		03D50DA11D1C27C80017AAC3 /* GoodsUsersCell.h */ = {isa = PBXFileReference; fileEncoding = 4; lastKnownFileType = sourcecode.c.h; path = GoodsUsersCell.h; sourceTree = "<group>"; };
		03D50DA21D1C27C80017AAC3 /* GoodsUsersCell.m */ = {isa = PBXFileReference; fileEncoding = 4; lastKnownFileType = sourcecode.c.objc; path = GoodsUsersCell.m; sourceTree = "<group>"; };
		03D50DA31D1C27C80017AAC3 /* GoodsUsersCell.xib */ = {isa = PBXFileReference; fileEncoding = 4; lastKnownFileType = file.xib; path = GoodsUsersCell.xib; sourceTree = "<group>"; };
		03D50DA61D1C34970017AAC3 /* HistoryWinnersVc.h */ = {isa = PBXFileReference; fileEncoding = 4; lastKnownFileType = sourcecode.c.h; path = HistoryWinnersVc.h; sourceTree = "<group>"; };
		03D50DA71D1C34970017AAC3 /* HistoryWinnersVc.m */ = {isa = PBXFileReference; fileEncoding = 4; lastKnownFileType = sourcecode.c.objc; path = HistoryWinnersVc.m; sourceTree = "<group>"; };
		03D50DA91D1C34DF0017AAC3 /* WinnerListCell.h */ = {isa = PBXFileReference; fileEncoding = 4; lastKnownFileType = sourcecode.c.h; path = WinnerListCell.h; sourceTree = "<group>"; };
		03D50DAA1D1C34DF0017AAC3 /* WinnerListCell.m */ = {isa = PBXFileReference; fileEncoding = 4; lastKnownFileType = sourcecode.c.objc; path = WinnerListCell.m; sourceTree = "<group>"; };
		03D50DAB1D1C34DF0017AAC3 /* WinnerListCell.xib */ = {isa = PBXFileReference; fileEncoding = 4; lastKnownFileType = file.xib; path = WinnerListCell.xib; sourceTree = "<group>"; };
		03EB70D91D1834AA00A94E50 /* LoginVC.h */ = {isa = PBXFileReference; fileEncoding = 4; lastKnownFileType = sourcecode.c.h; path = LoginVC.h; sourceTree = "<group>"; };
		03EB70DA1D1834AA00A94E50 /* LoginVC.m */ = {isa = PBXFileReference; fileEncoding = 4; lastKnownFileType = sourcecode.c.objc; path = LoginVC.m; sourceTree = "<group>"; };
		03EB70DB1D1834AA00A94E50 /* LoginVC.xib */ = {isa = PBXFileReference; fileEncoding = 4; lastKnownFileType = file.xib; path = LoginVC.xib; sourceTree = "<group>"; };
		03EB70DE1D1835A800A94E50 /* Img_TextfieldCell.h */ = {isa = PBXFileReference; fileEncoding = 4; lastKnownFileType = sourcecode.c.h; path = Img_TextfieldCell.h; sourceTree = "<group>"; };
		03EB70DF1D1835A800A94E50 /* Img_TextfieldCell.m */ = {isa = PBXFileReference; fileEncoding = 4; lastKnownFileType = sourcecode.c.objc; path = Img_TextfieldCell.m; sourceTree = "<group>"; };
		03EB70E01D1835A800A94E50 /* Img_TextfieldCell.xib */ = {isa = PBXFileReference; fileEncoding = 4; lastKnownFileType = file.xib; path = Img_TextfieldCell.xib; sourceTree = "<group>"; };
		2580A6A1EA86AEEE5E9E090A /* Pods-BuyApp.debug.xcconfig */ = {isa = PBXFileReference; includeInIndex = 1; lastKnownFileType = text.xcconfig; name = "Pods-BuyApp.debug.xcconfig"; path = "Pods/Target Support Files/Pods-BuyApp/Pods-BuyApp.debug.xcconfig"; sourceTree = "<group>"; };
		375A0C6C2CA33FE8A8CA6566 /* libPods-BuyApp.a */ = {isa = PBXFileReference; explicitFileType = archive.ar; includeInIndex = 0; path = "libPods-BuyApp.a"; sourceTree = BUILT_PRODUCTS_DIR; };
		8FEB94A319220DAEE3B9142A /* Pods-BuyApp.release.xcconfig */ = {isa = PBXFileReference; includeInIndex = 1; lastKnownFileType = text.xcconfig; name = "Pods-BuyApp.release.xcconfig"; path = "Pods/Target Support Files/Pods-BuyApp/Pods-BuyApp.release.xcconfig"; sourceTree = "<group>"; };
/* End PBXFileReference section */

/* Begin PBXFrameworksBuildPhase section */
		038B18E41D1270D7007C1CC8 /* Frameworks */ = {
			isa = PBXFrameworksBuildPhase;
			buildActionMask = 2147483647;
			files = (
				7CFE79213E058E49324C66B2 /* libPods-BuyApp.a in Frameworks */,
			);
			runOnlyForDeploymentPostprocessing = 0;
		};
/* End PBXFrameworksBuildPhase section */

/* Begin PBXGroup section */
		03376B371D1AE1A1004EE048 /* Cell */ = {
			isa = PBXGroup;
			children = (
				03376B381D1AE1BB004EE048 /* NewsCells.h */,
				03376B391D1AE1BB004EE048 /* NewsCells.m */,
				03376B3A1D1AE1BB004EE048 /* NewsCells.xib */,
			);
			name = Cell;
			sourceTree = "<group>";
		};
		0360BCD81D22654A00A2C07D /* Cell */ = {
			isa = PBXGroup;
			children = (
				0360BCD91D22656900A2C07D /* UserNewsCell.h */,
				0360BCDA1D22656900A2C07D /* UserNewsCell.m */,
				0360BCDB1D22656900A2C07D /* UserNewsCell.xib */,
				032224D91D2278A200B20525 /* CouponListCell.h */,
				032224DA1D2278A200B20525 /* CouponListCell.m */,
				032224DB1D2278A200B20525 /* CouponListCell.xib */,
			);
			name = Cell;
			sourceTree = "<group>";
		};
		037232DA1D20B83E00F258D2 /* View */ = {
			isa = PBXGroup;
			children = (
				037232DB1D20B85000F258D2 /* UserTopView.h */,
				037232DC1D20B85000F258D2 /* UserTopView.m */,
				037232DE1D20B85800F258D2 /* UserTopView.xib */,
			);
			name = View;
			sourceTree = "<group>";
		};
		037232E01D20F78400F258D2 /* View */ = {
			isa = PBXGroup;
			children = (
				037232E11D20F7AA00F258D2 /* ShopListCells.h */,
				037232E21D20F7AA00F258D2 /* ShopListCells.m */,
				037232E31D20F7AA00F258D2 /* ShopListCells.xib */,
			);
			name = View;
			sourceTree = "<group>";
		};
		037232E91D211D0C00F258D2 /* View */ = {
			isa = PBXGroup;
			children = (
				037232EA1D21209700F258D2 /* HistoryListCells.h */,
				037232EB1D21209700F258D2 /* HistoryListCells.m */,
				037232EC1D21209700F258D2 /* HistoryListCells.xib */,
			);
			name = View;
			sourceTree = "<group>";
		};
		038B18DE1D1270D7007C1CC8 = {
			isa = PBXGroup;
			children = (
				038B18E91D1270D7007C1CC8 /* BuyApp */,
				038B18EA1D1270D7007C1CC8 /* Supporting Files */,
				038B18E81D1270D7007C1CC8 /* Products */,
				47A94786D2995C14EA5D620B /* Pods */,
				D0EA62AC7BE5431D707B8431 /* Frameworks */,
			);
			sourceTree = "<group>";
		};
		038B18E81D1270D7007C1CC8 /* Products */ = {
			isa = PBXGroup;
			children = (
				038B18E71D1270D7007C1CC8 /* BuyApp.app */,
			);
			name = Products;
			sourceTree = "<group>";
		};
		038B18E91D1270D7007C1CC8 /* BuyApp */ = {
			isa = PBXGroup;
			children = (
				038B19441D12A528007C1CC8 /* Define.h */,
				038B18ED1D1270D7007C1CC8 /* AppDelegate.h */,
				038B18EE1D1270D7007C1CC8 /* AppDelegate.m */,
				03BB294F1D17757800EDEDFD /* MainTabBarVc.h */,
				03BB29501D17757800EDEDFD /* MainTabBarVc.m */,
				038B18F01D1270D7007C1CC8 /* ViewController.h */,
				038B18F11D1270D7007C1CC8 /* ViewController.m */,
				038B195D1D12A8D8007C1CC8 /* RootViewController.h */,
				038B195E1D12A8D8007C1CC8 /* RootViewController.m */,
				03BB29571D1781E300EDEDFD /* 首页 */,
				03BB29591D1781E300EDEDFD /* 最新揭晓 */,
				03BB29561D1781E300EDEDFD /* 清单 */,
				03BB29551D1781E300EDEDFD /* 多宝记录 */,
				03BB29581D1781E300EDEDFD /* 我 */,
				03BB29691D17872500EDEDFD /* 登录注册 */,
				038B19031D12A44B007C1CC8 /* PlusIn */,
				038B18F61D1270D7007C1CC8 /* Assets.xcassets */,
				038B19421D12A453007C1CC8 /* Configuration */,
			);
			path = BuyApp;
			sourceTree = "<group>";
		};
		038B18EA1D1270D7007C1CC8 /* Supporting Files */ = {
			isa = PBXGroup;
			children = (
				038B18EB1D1270D7007C1CC8 /* main.m */,
			);
			name = "Supporting Files";
			path = BuyApp;
			sourceTree = "<group>";
		};
		038B19031D12A44B007C1CC8 /* PlusIn */ = {
			isa = PBXGroup;
			children = (
				03BB29841D17CBB900EDEDFD /* XLPlainFlowLayout */,
				038B19451D12A88F007C1CC8 /* 缓存 */,
				038B194A1D12A88F007C1CC8 /* 加载等待视图 */,
				038B19501D12A88F007C1CC8 /* 检测合法字符 */,
				038B19531D12A88F007C1CC8 /* 循环滚动广告位 */,
				038B19041D12A44B007C1CC8 /* Category */,
				038B19191D12A44B007C1CC8 /* Cell高度计算缓存 */,
				038B19221D12A44B007C1CC8 /* KVO_Block */,
			);
			path = PlusIn;
			sourceTree = "<group>";
		};
		038B19041D12A44B007C1CC8 /* Category */ = {
			isa = PBXGroup;
			children = (
				038B19071D12A44B007C1CC8 /* Cipher.h */,
				038B19081D12A44B007C1CC8 /* Cipher.m */,
				038B190B1D12A44B007C1CC8 /* NSDate+Addition.h */,
				038B190C1D12A44B007C1CC8 /* NSDate+Addition.m */,
				038B190D1D12A44B007C1CC8 /* NSString+Addition.h */,
				038B190E1D12A44B007C1CC8 /* NSString+Addition.m */,
				038B190F1D12A44B007C1CC8 /* UIBarButtonItem+Badge.h */,
				038B19101D12A44B007C1CC8 /* UIBarButtonItem+Badge.m */,
				038B19131D12A44B007C1CC8 /* UIFont+Addtion.h */,
				038B19141D12A44B007C1CC8 /* UIFont+Addtion.m */,
				038B19151D12A44B007C1CC8 /* UIImage+Scale.h */,
				038B19161D12A44B007C1CC8 /* UIImage+Scale.m */,
				038B19171D12A44B007C1CC8 /* UIView+Layout.h */,
				038B19181D12A44B007C1CC8 /* UIView+Layout.m */,
				03BB29521D17765F00EDEDFD /* UITabBarItem+Universal.h */,
				03BB29531D17765F00EDEDFD /* UITabBarItem+Universal.m */,
			);
			path = Category;
			sourceTree = "<group>";
		};
		038B19191D12A44B007C1CC8 /* Cell高度计算缓存 */ = {
			isa = PBXGroup;
			children = (
				038B191A1D12A44B007C1CC8 /* UITableView+GSCacheHeight.h */,
				038B191B1D12A44B007C1CC8 /* UITableView+GSCacheHeight.m */,
				038B191E1D12A44B007C1CC8 /* UITableViewCell+GSMasonryAutoCellHeight.h */,
				038B191F1D12A44B007C1CC8 /* UITableViewCell+GSMasonryAutoCellHeight.m */,
			);
			path = "Cell高度计算缓存";
			sourceTree = "<group>";
		};
		038B19221D12A44B007C1CC8 /* KVO_Block */ = {
			isa = PBXGroup;
			children = (
				038B19231D12A44B007C1CC8 /* Block-KVO.podspec */,
				038B19241D12A44B007C1CC8 /* MTKDeallocator.h */,
				038B19251D12A44B007C1CC8 /* MTKDeallocator.m */,
				038B19261D12A44B007C1CC8 /* MTKObserver.h */,
				038B19271D12A44B007C1CC8 /* MTKObserver.m */,
				038B19281D12A44B007C1CC8 /* MTKObserving.h */,
				038B19291D12A44B007C1CC8 /* MTKObservingMacros.h */,
				038B192A1D12A44B007C1CC8 /* NSObject+MTKObserving.h */,
				038B192B1D12A44B007C1CC8 /* NSObject+MTKObserving.m */,
				038B192C1D12A44B007C1CC8 /* Utilities */,
			);
			path = KVO_Block;
			sourceTree = "<group>";
		};
		038B192C1D12A44B007C1CC8 /* Utilities */ = {
			isa = PBXGroup;
			children = (
				038B192D1D12A44B007C1CC8 /* keypath.h */,
				038B192E1D12A44B007C1CC8 /* metamacros.h */,
				038B192F1D12A44B007C1CC8 /* scope.h */,
			);
			path = Utilities;
			sourceTree = "<group>";
		};
		038B19421D12A453007C1CC8 /* Configuration */ = {
			isa = PBXGroup;
			children = (
				038B18F31D1270D7007C1CC8 /* Main.storyboard */,
				038B18F81D1270D7007C1CC8 /* LaunchScreen.storyboard */,
				038B18FB1D1270D7007C1CC8 /* Info.plist */,
				038B19431D12A4DA007C1CC8 /* PrefixHeader.pch */,
			);
			name = Configuration;
			sourceTree = "<group>";
		};
		038B19451D12A88F007C1CC8 /* 缓存 */ = {
			isa = PBXGroup;
			children = (
				038B19461D12A88F007C1CC8 /* ASCache.h */,
				038B19471D12A88F007C1CC8 /* ASCache.m */,
				038B19481D12A88F007C1CC8 /* EGOCache.h */,
				038B19491D12A88F007C1CC8 /* EGOCache.m */,
			);
			path = "缓存";
			sourceTree = "<group>";
		};
		038B194A1D12A88F007C1CC8 /* 加载等待视图 */ = {
			isa = PBXGroup;
			children = (
				038B194B1D12A88F007C1CC8 /* ASWaitingView.h */,
				038B194C1D12A88F007C1CC8 /* ASWaitingView.m */,
				038B194D1D12A88F007C1CC8 /* MBProgressHUD+JY.h */,
				038B194E1D12A88F007C1CC8 /* MBProgressHUD+JY.m */,
				038B194F1D12A88F007C1CC8 /* MBProgressHUD.bundle */,
			);
			path = "加载等待视图";
			sourceTree = "<group>";
		};
		038B19501D12A88F007C1CC8 /* 检测合法字符 */ = {
			isa = PBXGroup;
			children = (
				038B19511D12A88F007C1CC8 /* GSValidate.h */,
				038B19521D12A88F007C1CC8 /* GSValidate.m */,
			);
			path = "检测合法字符";
			sourceTree = "<group>";
		};
		038B19531D12A88F007C1CC8 /* 循环滚动广告位 */ = {
			isa = PBXGroup;
			children = (
				038B19541D12A88F007C1CC8 /* ASPageView.h */,
				038B19551D12A88F007C1CC8 /* ASPageView.m */,
			);
			path = "循环滚动广告位";
			sourceTree = "<group>";
		};
		03BB29551D1781E300EDEDFD /* 多宝记录 */ = {
			isa = PBXGroup;
			children = (
				037232E91D211D0C00F258D2 /* View */,
				03BB29631D17825800EDEDFD /* HistoryVc.h */,
				03BB29641D17825800EDEDFD /* HistoryVc.m */,
				037232E61D21175D00F258D2 /* WinHistoryVc.h */,
				037232E71D21175D00F258D2 /* WinHistoryVc.m */,
			);
			path = "多宝记录";
			sourceTree = "<group>";
		};
		03BB29561D1781E300EDEDFD /* 清单 */ = {
			isa = PBXGroup;
			children = (
				037232E01D20F78400F258D2 /* View */,
				03BB29661D17826400EDEDFD /* ListVc.h */,
				03BB29671D17826400EDEDFD /* ListVc.m */,
			);
			path = "清单";
			sourceTree = "<group>";
		};
		03BB29571D1781E300EDEDFD /* 首页 */ = {
			isa = PBXGroup;
			children = (
				03BB29901D17DC9100EDEDFD /* Cell */,
				03BB29741D179A6300EDEDFD /* Model */,
				03BB29701D17998500EDEDFD /* View */,
				03BB295A1D17821700EDEDFD /* MainVc.h */,
				03BB295B1D17821700EDEDFD /* MainVc.m */,
				031B6D5A1D19764B00BD2585 /* GoodsClassVc.h */,
				031B6D5B1D19764B00BD2585 /* GoodsClassVc.m */,
				031B6D5C1D19764B00BD2585 /* GoodsClassVc.xib */,
				03376B271D1AB51B004EE048 /* SearchBarVc.h */,
				03376B281D1AB51B004EE048 /* SearchBarVc.m */,
				03376B291D1AB51B004EE048 /* SearchBarVc.xib */,
				03BB296D1D178E6B00EDEDFD /* SearchListVc.h */,
				03BB296E1D178E6B00EDEDFD /* SearchListVc.m */,
				03376B311D1AC71A004EE048 /* HelpVc.h */,
				03376B321D1AC71A004EE048 /* HelpVc.m */,
				03376B341D1ADB77004EE048 /* HelpInfo.h */,
				03376B351D1ADB77004EE048 /* HelpInfo.m */,
				034D89DE1D1BB173005806C7 /* GoodsInfoVc.h */,
				034D89DF1D1BB173005806C7 /* GoodsInfoVc.m */,
				03D50DA61D1C34970017AAC3 /* HistoryWinnersVc.h */,
				03D50DA71D1C34970017AAC3 /* HistoryWinnersVc.m */,
				032940D81D1E507C000D54D9 /* CountInfoVc.h */,
				032940D91D1E507C000D54D9 /* CountInfoVc.m */,
				032940E01D1E6ECF000D54D9 /* CountWebVc.h */,
				032940E11D1E6ECF000D54D9 /* CountWebVc.m */,
			);
			path = "首页";
			sourceTree = "<group>";
		};
		03BB29581D1781E300EDEDFD /* 我 */ = {
			isa = PBXGroup;
			children = (
				0360BCD81D22654A00A2C07D /* Cell */,
				037232DA1D20B83E00F258D2 /* View */,
				03BB295D1D17822C00EDEDFD /* UserVc.h */,
				03BB295E1D17822C00EDEDFD /* UserVc.m */,
				032224D31D22761E00B20525 /* RedCouponVc.h */,
				032224D41D22761E00B20525 /* RedCouponVc.m */,
				032224D61D22762F00B20525 /* CouponListVc.h */,
				032224D71D22762F00B20525 /* CouponListVc.m */,
				03BF770B1D216C7C00F1270F /* SheZhiVc.h */,
				03BF770C1D216C7C00F1270F /* SheZhiVc.m */,
				0360BCD51D2264EE00A2C07D /* UserNewsVc.h */,
				0360BCD61D2264EE00A2C07D /* UserNewsVc.m */,
			);
			path = "我";
			sourceTree = "<group>";
		};
		03BB29591D1781E300EDEDFD /* 最新揭晓 */ = {
			isa = PBXGroup;
			children = (
				03376B371D1AE1A1004EE048 /* Cell */,
				03BB29601D17824C00EDEDFD /* NewsVc.h */,
				03BB29611D17824C00EDEDFD /* NewsVc.m */,
			);
			path = "最新揭晓";
			sourceTree = "<group>";
		};
		03BB29691D17872500EDEDFD /* 登录注册 */ = {
			isa = PBXGroup;
			children = (
				03C5BCED1D18EE4300060FB3 /* Cell */,
				03EB70D91D1834AA00A94E50 /* LoginVC.h */,
				03EB70DA1D1834AA00A94E50 /* LoginVC.m */,
				03EB70DB1D1834AA00A94E50 /* LoginVC.xib */,
				03C5BCEE1D18EE6300060FB3 /* RegisterVc.h */,
				03C5BCEF1D18EE6300060FB3 /* RegisterVc.m */,
				03C5BCF01D18EE6300060FB3 /* RegisterVc.xib */,
				03C5BCF31D19080E00060FB3 /* ResetPassWordVc.h */,
				03C5BCF41D19080E00060FB3 /* ResetPassWordVc.m */,
				03C5BCF51D19080E00060FB3 /* ResetPassWordVc.xib */,
			);
			path = "登录注册";
			sourceTree = "<group>";
		};
		03BB29701D17998500EDEDFD /* View */ = {
			isa = PBXGroup;
			children = (
				03BB29711D1799A400EDEDFD /* MainClassView.h */,
				03BB29721D1799A400EDEDFD /* MainClassView.m */,
				03BB29781D17B14300EDEDFD /* GoodsView.h */,
				03BB29791D17B14300EDEDFD /* GoodsView.m */,
				03BB297E1D17C8D200EDEDFD /* MainTopView.h */,
				03BB297F1D17C8D200EDEDFD /* MainTopView.m */,
				03BB29811D17C91E00EDEDFD /* MainSegmentView.h */,
				03BB29821D17C91E00EDEDFD /* MainSegmentView.m */,
				031B6D641D19894000BD2585 /* SearchBarView.h */,
				031B6D651D19894000BD2585 /* SearchBarView.m */,
				031B6D671D19895800BD2585 /* SearchBarView.xib */,
				034D89E11D1BB21F005806C7 /* GoodsInfoTopView.h */,
				034D89E21D1BB21F005806C7 /* GoodsInfoTopView.m */,
				034D89E41D1BB234005806C7 /* GoodsInfoTopView.xib */,
				034D89E61D1BB37E005806C7 /* GoodsWinnerView.h */,
				034D89E71D1BB37E005806C7 /* GoodsWinnerView.m */,
				034D89E91D1BB387005806C7 /* GoodsWinnerView.xib */,
				034D89EB1D1BCD29005806C7 /* GoodsCountsView.h */,
				034D89EC1D1BCD29005806C7 /* GoodsCountsView.m */,
				034D89EE1D1BCD32005806C7 /* GoodsCountsView.xib */,
				032940E31D1E9DD8000D54D9 /* MyNumbers.h */,
				032940E41D1E9DD8000D54D9 /* MyNumbers.m */,
				03D312DA1D1D023F00B2BB26 /* GoodsBottomView.h */,
				03D312DB1D1D023F00B2BB26 /* GoodsBottomView.m */,
				03D312DD1D1D024900B2BB26 /* GoodsBottomView.xib */,
				03D312DF1D1D138800B2BB26 /* ShoppingView.h */,
				03D312E01D1D138800B2BB26 /* ShoppingView.m */,
				03D312E21D1D139C00B2BB26 /* ShoppingView.xib */,
				03D312E41D1D1E4900B2BB26 /* PAStepper.h */,
				03D312E51D1D1E4900B2BB26 /* PAStepper.m */,
				032940DB1D1E5389000D54D9 /* CountView.h */,
				032940DC1D1E5389000D54D9 /* CountView.m */,
				032940DE1D1E5393000D54D9 /* CountView.xib */,
				032940E61D1EA9B8000D54D9 /* AllCountsView.h */,
				032940E71D1EA9B8000D54D9 /* AllCountsView.m */,
				032940E91D1EAA52000D54D9 /* AllCountsView.xib */,
			);
			name = View;
			sourceTree = "<group>";
		};
		03BB29741D179A6300EDEDFD /* Model */ = {
			isa = PBXGroup;
			children = (
				03BB29751D179A7500EDEDFD /* MainClassModel.h */,
				03BB29761D179A7500EDEDFD /* MainClassModel.m */,
				03BB297B1D17B1BC00EDEDFD /* MainGoodsModel.h */,
				03BB297C1D17B1BC00EDEDFD /* MainGoodsModel.m */,
			);
			name = Model;
			sourceTree = "<group>";
		};
		03BB29841D17CBB900EDEDFD /* XLPlainFlowLayout */ = {
			isa = PBXGroup;
			children = (
				03BB29851D17CBB900EDEDFD /* XLPlainFlowLayout.h */,
				03BB29861D17CBB900EDEDFD /* XLPlainFlowLayout.m */,
			);
			path = XLPlainFlowLayout;
			sourceTree = "<group>";
		};
		03BB29901D17DC9100EDEDFD /* Cell */ = {
			isa = PBXGroup;
			children = (
				03C5BCF81D191D1500060FB3 /* MainGoodsListCells.h */,
				03C5BCF91D191D1500060FB3 /* MainGoodsListCells.m */,
				031B6D5F1D197D3600BD2585 /* Img_ContentCell.h */,
				031B6D601D197D3600BD2585 /* Img_ContentCell.m */,
				031B6D611D197D3600BD2585 /* Img_ContentCell.xib */,
				03376B2C1D1ABBA6004EE048 /* SearchListCell.h */,
				03376B2D1D1ABBA6004EE048 /* SearchListCell.m */,
				03376B2E1D1ABBA6004EE048 /* SearchListCell.xib */,
				03D50D9E1D1C1C950017AAC3 /* Title_ContentOrImg_Cell.h */,
				03D50D9F1D1C1C950017AAC3 /* Title_ContentOrImg_Cell.m */,
				03D50DA11D1C27C80017AAC3 /* GoodsUsersCell.h */,
				03D50DA21D1C27C80017AAC3 /* GoodsUsersCell.m */,
				03D50DA31D1C27C80017AAC3 /* GoodsUsersCell.xib */,
				03D50DA91D1C34DF0017AAC3 /* WinnerListCell.h */,
				03D50DAA1D1C34DF0017AAC3 /* WinnerListCell.m */,
				03D50DAB1D1C34DF0017AAC3 /* WinnerListCell.xib */,
			);
			name = Cell;
			sourceTree = "<group>";
		};
		03C5BCED1D18EE4300060FB3 /* Cell */ = {
			isa = PBXGroup;
			children = (
				03EB70DE1D1835A800A94E50 /* Img_TextfieldCell.h */,
				03EB70DF1D1835A800A94E50 /* Img_TextfieldCell.m */,
				03EB70E01D1835A800A94E50 /* Img_TextfieldCell.xib */,
			);
			name = Cell;
			sourceTree = "<group>";
		};
		47A94786D2995C14EA5D620B /* Pods */ = {
			isa = PBXGroup;
			children = (
				2580A6A1EA86AEEE5E9E090A /* Pods-BuyApp.debug.xcconfig */,
				8FEB94A319220DAEE3B9142A /* Pods-BuyApp.release.xcconfig */,
			);
			name = Pods;
			sourceTree = "<group>";
		};
		D0EA62AC7BE5431D707B8431 /* Frameworks */ = {
			isa = PBXGroup;
			children = (
				375A0C6C2CA33FE8A8CA6566 /* libPods-BuyApp.a */,
			);
			name = Frameworks;
			sourceTree = "<group>";
		};
/* End PBXGroup section */

/* Begin PBXNativeTarget section */
		038B18E61D1270D7007C1CC8 /* BuyApp */ = {
			isa = PBXNativeTarget;
			buildConfigurationList = 038B18FE1D1270D7007C1CC8 /* Build configuration list for PBXNativeTarget "BuyApp" */;
			buildPhases = (
				F7C14A7F6708E2E78D02DEAC /* [CP] Check Pods Manifest.lock */,
				038B18E31D1270D7007C1CC8 /* Sources */,
				038B18E41D1270D7007C1CC8 /* Frameworks */,
				038B18E51D1270D7007C1CC8 /* Resources */,
				C6B69F87208E9AAD5767E0CF /* [CP] Embed Pods Frameworks */,
				77811392C8A1AE396ABBFDA3 /* [CP] Copy Pods Resources */,
			);
			buildRules = (
			);
			dependencies = (
			);
			name = BuyApp;
			productName = BuyApp;
			productReference = 038B18E71D1270D7007C1CC8 /* BuyApp.app */;
			productType = "com.apple.product-type.application";
		};
/* End PBXNativeTarget section */

/* Begin PBXProject section */
		038B18DF1D1270D7007C1CC8 /* Project object */ = {
			isa = PBXProject;
			attributes = {
				LastUpgradeCheck = 0730;
				ORGANIZATIONNAME = Super_D;
				TargetAttributes = {
					038B18E61D1270D7007C1CC8 = {
						CreatedOnToolsVersion = 7.3.1;
						DevelopmentTeam = Q926GKMZ47;
					};
				};
			};
			buildConfigurationList = 038B18E21D1270D7007C1CC8 /* Build configuration list for PBXProject "BuyApp" */;
			compatibilityVersion = "Xcode 3.2";
			developmentRegion = English;
			hasScannedForEncodings = 0;
			knownRegions = (
				en,
				Base,
			);
			mainGroup = 038B18DE1D1270D7007C1CC8;
			productRefGroup = 038B18E81D1270D7007C1CC8 /* Products */;
			projectDirPath = "";
			projectRoot = "";
			targets = (
				038B18E61D1270D7007C1CC8 /* BuyApp */,
			);
		};
/* End PBXProject section */

/* Begin PBXResourcesBuildPhase section */
		038B18E51D1270D7007C1CC8 /* Resources */ = {
			isa = PBXResourcesBuildPhase;
			buildActionMask = 2147483647;
			files = (
				031B6D681D19895800BD2585 /* SearchBarView.xib in Resources */,
				03D312DE1D1D024A00B2BB26 /* GoodsBottomView.xib in Resources */,
				03D312E31D1D139C00B2BB26 /* ShoppingView.xib in Resources */,
				03EB70DD1D1834AA00A94E50 /* LoginVC.xib in Resources */,
				03D50DAD1D1C34DF0017AAC3 /* WinnerListCell.xib in Resources */,
				038B18FA1D1270D7007C1CC8 /* LaunchScreen.storyboard in Resources */,
				037232DF1D20B85800F258D2 /* UserTopView.xib in Resources */,
				031B6D5E1D19764B00BD2585 /* GoodsClassVc.xib in Resources */,
				038B193E1D12A44B007C1CC8 /* Block-KVO.podspec in Resources */,
				03EB70E21D1835A800A94E50 /* Img_TextfieldCell.xib in Resources */,
				034D89EA1D1BB387005806C7 /* GoodsWinnerView.xib in Resources */,
				032940EA1D1EAA52000D54D9 /* AllCountsView.xib in Resources */,
				03C5BCF21D18EE6300060FB3 /* RegisterVc.xib in Resources */,
				03376B301D1ABBA6004EE048 /* SearchListCell.xib in Resources */,
				034D89EF1D1BCD32005806C7 /* GoodsCountsView.xib in Resources */,
				032224DD1D2278A200B20525 /* CouponListCell.xib in Resources */,
				038B195A1D12A88F007C1CC8 /* MBProgressHUD.bundle in Resources */,
				038B18F71D1270D7007C1CC8 /* Assets.xcassets in Resources */,
				032940DF1D1E5393000D54D9 /* CountView.xib in Resources */,
				031B6D631D197D3600BD2585 /* Img_ContentCell.xib in Resources */,
				037232EE1D21209700F258D2 /* HistoryListCells.xib in Resources */,
				037232E51D20F7AA00F258D2 /* ShopListCells.xib in Resources */,
				0360BCDD1D22656900A2C07D /* UserNewsCell.xib in Resources */,
				034D89E51D1BB234005806C7 /* GoodsInfoTopView.xib in Resources */,
				038B18F51D1270D7007C1CC8 /* Main.storyboard in Resources */,
				03D50DA51D1C27C80017AAC3 /* GoodsUsersCell.xib in Resources */,
				03376B3C1D1AE1BB004EE048 /* NewsCells.xib in Resources */,
				03376B2B1D1AB51B004EE048 /* SearchBarVc.xib in Resources */,
				03C5BCF71D19080E00060FB3 /* ResetPassWordVc.xib in Resources */,
			);
			runOnlyForDeploymentPostprocessing = 0;
		};
/* End PBXResourcesBuildPhase section */

/* Begin PBXShellScriptBuildPhase section */
		77811392C8A1AE396ABBFDA3 /* [CP] Copy Pods Resources */ = {
			isa = PBXShellScriptBuildPhase;
			buildActionMask = 2147483647;
			files = (
			);
			inputPaths = (
			);
			name = "[CP] Copy Pods Resources";
			outputPaths = (
			);
			runOnlyForDeploymentPostprocessing = 0;
			shellPath = /bin/sh;
			shellScript = "\"${SRCROOT}/Pods/Target Support Files/Pods-BuyApp/Pods-BuyApp-resources.sh\"\n";
			showEnvVarsInLog = 0;
		};
		C6B69F87208E9AAD5767E0CF /* [CP] Embed Pods Frameworks */ = {
			isa = PBXShellScriptBuildPhase;
			buildActionMask = 2147483647;
			files = (
			);
			inputPaths = (
			);
			name = "[CP] Embed Pods Frameworks";
			outputPaths = (
			);
			runOnlyForDeploymentPostprocessing = 0;
			shellPath = /bin/sh;
			shellScript = "\"${SRCROOT}/Pods/Target Support Files/Pods-BuyApp/Pods-BuyApp-frameworks.sh\"\n";
			showEnvVarsInLog = 0;
		};
		F7C14A7F6708E2E78D02DEAC /* [CP] Check Pods Manifest.lock */ = {
			isa = PBXShellScriptBuildPhase;
			buildActionMask = 2147483647;
			files = (
			);
			inputPaths = (
			);
			name = "[CP] Check Pods Manifest.lock";
			outputPaths = (
			);
			runOnlyForDeploymentPostprocessing = 0;
			shellPath = /bin/sh;
			shellScript = "diff \"${PODS_ROOT}/../Podfile.lock\" \"${PODS_ROOT}/Manifest.lock\" > /dev/null\nif [[ $? != 0 ]] ; then\n    cat << EOM\nerror: The sandbox is not in sync with the Podfile.lock. Run 'pod install' or update your CocoaPods installation.\nEOM\n    exit 1\nfi\n";
			showEnvVarsInLog = 0;
		};
/* End PBXShellScriptBuildPhase section */

/* Begin PBXSourcesBuildPhase section */
		038B18E31D1270D7007C1CC8 /* Sources */ = {
			isa = PBXSourcesBuildPhase;
			buildActionMask = 2147483647;
			files = (
				03BB29731D1799A400EDEDFD /* MainClassView.m in Sources */,
				03D50DA01D1C1C950017AAC3 /* Title_ContentOrImg_Cell.m in Sources */,
				03D50DAC1D1C34DF0017AAC3 /* WinnerListCell.m in Sources */,
				038B195C1D12A88F007C1CC8 /* ASPageView.m in Sources */,
				038B18F21D1270D7007C1CC8 /* ViewController.m in Sources */,
				03EB70E11D1835A800A94E50 /* Img_TextfieldCell.m in Sources */,
				038B19371D12A44B007C1CC8 /* UIFont+Addtion.m in Sources */,
				032940E21D1E6ECF000D54D9 /* CountWebVc.m in Sources */,
				03C5BCFA1D191D1500060FB3 /* MainGoodsListCells.m in Sources */,
				034D89E81D1BB37E005806C7 /* GoodsWinnerView.m in Sources */,
				038B19331D12A44B007C1CC8 /* NSDate+Addition.m in Sources */,
				03D312DC1D1D023F00B2BB26 /* GoodsBottomView.m in Sources */,
				03D50DA41D1C27C80017AAC3 /* GoodsUsersCell.m in Sources */,
				037232DD1D20B85000F258D2 /* UserTopView.m in Sources */,
				034D89E31D1BB21F005806C7 /* GoodsInfoTopView.m in Sources */,
				038B19591D12A88F007C1CC8 /* MBProgressHUD+JY.m in Sources */,
				038B18EF1D1270D7007C1CC8 /* AppDelegate.m in Sources */,
				03BB29871D17CBB900EDEDFD /* XLPlainFlowLayout.m in Sources */,
				03BB297D1D17B1BC00EDEDFD /* MainGoodsModel.m in Sources */,
				038B193C1D12A44B007C1CC8 /* UITableViewCell+GSMasonryAutoCellHeight.m in Sources */,
				038B193A1D12A44B007C1CC8 /* UITableView+GSCacheHeight.m in Sources */,
				037232E81D21175D00F258D2 /* WinHistoryVc.m in Sources */,
				03376B2F1D1ABBA6004EE048 /* SearchListCell.m in Sources */,
				032940DD1D1E5389000D54D9 /* CountView.m in Sources */,
				03BB29541D17765F00EDEDFD /* UITabBarItem+Universal.m in Sources */,
				031B6D661D19894000BD2585 /* SearchBarView.m in Sources */,
				032940E81D1EA9B8000D54D9 /* AllCountsView.m in Sources */,
				03BB295C1D17821700EDEDFD /* MainVc.m in Sources */,
				031B6D621D197D3600BD2585 /* Img_ContentCell.m in Sources */,
				0360BCDC1D22656900A2C07D /* UserNewsCell.m in Sources */,
				03D312E11D1D138800B2BB26 /* ShoppingView.m in Sources */,
				03BB29831D17C91E00EDEDFD /* MainSegmentView.m in Sources */,
				03EB70DC1D1834AA00A94E50 /* LoginVC.m in Sources */,
				038B19411D12A44B007C1CC8 /* NSObject+MTKObserving.m in Sources */,
				032940DA1D1E507C000D54D9 /* CountInfoVc.m in Sources */,
				038B19391D12A44B007C1CC8 /* UIView+Layout.m in Sources */,
				03BB29801D17C8D200EDEDFD /* MainTopView.m in Sources */,
				03376B2A1D1AB51B004EE048 /* SearchBarVc.m in Sources */,
				038B193F1D12A44B007C1CC8 /* MTKDeallocator.m in Sources */,
				038B18EC1D1270D7007C1CC8 /* main.m in Sources */,
				032224D51D22761E00B20525 /* RedCouponVc.m in Sources */,
				038B195B1D12A88F007C1CC8 /* GSValidate.m in Sources */,
				038B19341D12A44B007C1CC8 /* NSString+Addition.m in Sources */,
				03BB29681D17826400EDEDFD /* ListVc.m in Sources */,
				038B19351D12A44B007C1CC8 /* UIBarButtonItem+Badge.m in Sources */,
				03BB29651D17825800EDEDFD /* HistoryVc.m in Sources */,
				038B19581D12A88F007C1CC8 /* ASWaitingView.m in Sources */,
				03BB296F1D178E6B00EDEDFD /* SearchListVc.m in Sources */,
				03BB297A1D17B14300EDEDFD /* GoodsView.m in Sources */,
				038B19561D12A88F007C1CC8 /* ASCache.m in Sources */,
				03376B361D1ADB77004EE048 /* HelpInfo.m in Sources */,
				032224DC1D2278A200B20525 /* CouponListCell.m in Sources */,
				03C5BCF11D18EE6300060FB3 /* RegisterVc.m in Sources */,
				03D50DA81D1C34970017AAC3 /* HistoryWinnersVc.m in Sources */,
				038B19401D12A44B007C1CC8 /* MTKObserver.m in Sources */,
				037232ED1D21209700F258D2 /* HistoryListCells.m in Sources */,
				03376B3B1D1AE1BB004EE048 /* NewsCells.m in Sources */,
				032224D81D22762F00B20525 /* CouponListVc.m in Sources */,
				03376B331D1AC71A004EE048 /* HelpVc.m in Sources */,
				03C5BCF61D19080E00060FB3 /* ResetPassWordVc.m in Sources */,
				031B6D5D1D19764B00BD2585 /* GoodsClassVc.m in Sources */,
				03BB29511D17757800EDEDFD /* MainTabBarVc.m in Sources */,
				032940E51D1E9DD8000D54D9 /* MyNumbers.m in Sources */,
				038B195F1D12A8D8007C1CC8 /* RootViewController.m in Sources */,
				03BF770D1D216C7C00F1270F /* SheZhiVc.m in Sources */,
				034D89E01D1BB173005806C7 /* GoodsInfoVc.m in Sources */,
				037232E41D20F7AA00F258D2 /* ShopListCells.m in Sources */,
				03BB29771D179A7500EDEDFD /* MainClassModel.m in Sources */,
				038B19381D12A44B007C1CC8 /* UIImage+Scale.m in Sources */,
				038B19571D12A88F007C1CC8 /* EGOCache.m in Sources */,
				038B19311D12A44B007C1CC8 /* Cipher.m in Sources */,
				034D89ED1D1BCD29005806C7 /* GoodsCountsView.m in Sources */,
				0360BCD71D2264EE00A2C07D /* UserNewsVc.m in Sources */,
				03BB29621D17824C00EDEDFD /* NewsVc.m in Sources */,
				03BB295F1D17822C00EDEDFD /* UserVc.m in Sources */,
				03D312E61D1D1E4900B2BB26 /* PAStepper.m in Sources */,
			);
			runOnlyForDeploymentPostprocessing = 0;
		};
/* End PBXSourcesBuildPhase section */

/* Begin PBXVariantGroup section */
		038B18F31D1270D7007C1CC8 /* Main.storyboard */ = {
			isa = PBXVariantGroup;
			children = (
				038B18F41D1270D7007C1CC8 /* Base */,
			);
			name = Main.storyboard;
			sourceTree = "<group>";
		};
		038B18F81D1270D7007C1CC8 /* LaunchScreen.storyboard */ = {
			isa = PBXVariantGroup;
			children = (
				038B18F91D1270D7007C1CC8 /* Base */,
			);
			name = LaunchScreen.storyboard;
			sourceTree = "<group>";
		};
/* End PBXVariantGroup section */

/* Begin XCBuildConfiguration section */
		038B18FC1D1270D7007C1CC8 /* Debug */ = {
			isa = XCBuildConfiguration;
			buildSettings = {
				ALWAYS_SEARCH_USER_PATHS = NO;
				CLANG_ANALYZER_NONNULL = YES;
				CLANG_CXX_LANGUAGE_STANDARD = "gnu++0x";
				CLANG_CXX_LIBRARY = "libc++";
				CLANG_ENABLE_MODULES = YES;
				CLANG_ENABLE_OBJC_ARC = YES;
				CLANG_WARN_BOOL_CONVERSION = YES;
				CLANG_WARN_CONSTANT_CONVERSION = YES;
				CLANG_WARN_DIRECT_OBJC_ISA_USAGE = YES_ERROR;
				CLANG_WARN_EMPTY_BODY = YES;
				CLANG_WARN_ENUM_CONVERSION = YES;
				CLANG_WARN_INT_CONVERSION = YES;
				CLANG_WARN_OBJC_ROOT_CLASS = YES_ERROR;
				CLANG_WARN_UNREACHABLE_CODE = YES;
				CLANG_WARN__DUPLICATE_METHOD_MATCH = YES;
				"CODE_SIGN_IDENTITY[sdk=iphoneos*]" = "iPhone Developer";
				COPY_PHASE_STRIP = NO;
				DEBUG_INFORMATION_FORMAT = dwarf;
				ENABLE_STRICT_OBJC_MSGSEND = YES;
				ENABLE_TESTABILITY = YES;
				GCC_C_LANGUAGE_STANDARD = gnu99;
				GCC_DYNAMIC_NO_PIC = NO;
				GCC_NO_COMMON_BLOCKS = YES;
				GCC_OPTIMIZATION_LEVEL = 0;
				GCC_PREPROCESSOR_DEFINITIONS = (
					"DEBUG=1",
					"$(inherited)",
				);
				GCC_WARN_64_TO_32_BIT_CONVERSION = YES;
				GCC_WARN_ABOUT_RETURN_TYPE = YES_ERROR;
				GCC_WARN_UNDECLARED_SELECTOR = YES;
				GCC_WARN_UNINITIALIZED_AUTOS = YES_AGGRESSIVE;
				GCC_WARN_UNUSED_FUNCTION = YES;
				GCC_WARN_UNUSED_VARIABLE = YES;
				IPHONEOS_DEPLOYMENT_TARGET = 9.3;
				MTL_ENABLE_DEBUG_INFO = YES;
				ONLY_ACTIVE_ARCH = YES;
				SDKROOT = iphoneos;
			};
			name = Debug;
		};
		038B18FD1D1270D7007C1CC8 /* Release */ = {
			isa = XCBuildConfiguration;
			buildSettings = {
				ALWAYS_SEARCH_USER_PATHS = NO;
				CLANG_ANALYZER_NONNULL = YES;
				CLANG_CXX_LANGUAGE_STANDARD = "gnu++0x";
				CLANG_CXX_LIBRARY = "libc++";
				CLANG_ENABLE_MODULES = YES;
				CLANG_ENABLE_OBJC_ARC = YES;
				CLANG_WARN_BOOL_CONVERSION = YES;
				CLANG_WARN_CONSTANT_CONVERSION = YES;
				CLANG_WARN_DIRECT_OBJC_ISA_USAGE = YES_ERROR;
				CLANG_WARN_EMPTY_BODY = YES;
				CLANG_WARN_ENUM_CONVERSION = YES;
				CLANG_WARN_INT_CONVERSION = YES;
				CLANG_WARN_OBJC_ROOT_CLASS = YES_ERROR;
				CLANG_WARN_UNREACHABLE_CODE = YES;
				CLANG_WARN__DUPLICATE_METHOD_MATCH = YES;
				"CODE_SIGN_IDENTITY[sdk=iphoneos*]" = "iPhone Developer";
				COPY_PHASE_STRIP = NO;
				DEBUG_INFORMATION_FORMAT = "dwarf-with-dsym";
				ENABLE_NS_ASSERTIONS = NO;
				ENABLE_STRICT_OBJC_MSGSEND = YES;
				GCC_C_LANGUAGE_STANDARD = gnu99;
				GCC_NO_COMMON_BLOCKS = YES;
				GCC_WARN_64_TO_32_BIT_CONVERSION = YES;
				GCC_WARN_ABOUT_RETURN_TYPE = YES_ERROR;
				GCC_WARN_UNDECLARED_SELECTOR = YES;
				GCC_WARN_UNINITIALIZED_AUTOS = YES_AGGRESSIVE;
				GCC_WARN_UNUSED_FUNCTION = YES;
				GCC_WARN_UNUSED_VARIABLE = YES;
				IPHONEOS_DEPLOYMENT_TARGET = 9.3;
				MTL_ENABLE_DEBUG_INFO = NO;
				SDKROOT = iphoneos;
				VALIDATE_PRODUCT = YES;
			};
			name = Release;
		};
		038B18FF1D1270D7007C1CC8 /* Debug */ = {
			isa = XCBuildConfiguration;
			baseConfigurationReference = 2580A6A1EA86AEEE5E9E090A /* Pods-BuyApp.debug.xcconfig */;
			buildSettings = {
				ASSETCATALOG_COMPILER_APPICON_NAME = AppIcon;
				CODE_SIGN_IDENTITY = "iPhone Developer";
				ENABLE_BITCODE = NO;
				GCC_PREFIX_HEADER = BuyApp/PrefixHeader.pch;
				INFOPLIST_FILE = BuyApp/Info.plist;
				IPHONEOS_DEPLOYMENT_TARGET = 7.0;
				LD_RUNPATH_SEARCH_PATHS = "$(inherited) @executable_path/Frameworks";
				PRODUCT_BUNDLE_IDENTIFIER = com.D.MyTest;
				PRODUCT_NAME = "$(TARGET_NAME)";
			};
			name = Debug;
		};
		038B19001D1270D7007C1CC8 /* Release */ = {
			isa = XCBuildConfiguration;
			baseConfigurationReference = 8FEB94A319220DAEE3B9142A /* Pods-BuyApp.release.xcconfig */;
			buildSettings = {
				ASSETCATALOG_COMPILER_APPICON_NAME = AppIcon;
				CODE_SIGN_IDENTITY = "iPhone Developer";
				ENABLE_BITCODE = NO;
				GCC_PREFIX_HEADER = BuyApp/PrefixHeader.pch;
				INFOPLIST_FILE = BuyApp/Info.plist;
				IPHONEOS_DEPLOYMENT_TARGET = 7.0;
				LD_RUNPATH_SEARCH_PATHS = "$(inherited) @executable_path/Frameworks";
				PRODUCT_BUNDLE_IDENTIFIER = com.D.MyTest;
				PRODUCT_NAME = "$(TARGET_NAME)";
			};
			name = Release;
		};
/* End XCBuildConfiguration section */

/* Begin XCConfigurationList section */
		038B18E21D1270D7007C1CC8 /* Build configuration list for PBXProject "BuyApp" */ = {
			isa = XCConfigurationList;
			buildConfigurations = (
				038B18FC1D1270D7007C1CC8 /* Debug */,
				038B18FD1D1270D7007C1CC8 /* Release */,
			);
			defaultConfigurationIsVisible = 0;
			defaultConfigurationName = Release;
		};
		038B18FE1D1270D7007C1CC8 /* Build configuration list for PBXNativeTarget "BuyApp" */ = {
			isa = XCConfigurationList;
			buildConfigurations = (
				038B18FF1D1270D7007C1CC8 /* Debug */,
				038B19001D1270D7007C1CC8 /* Release */,
			);
			defaultConfigurationIsVisible = 0;
			defaultConfigurationName = Release;
		};
/* End XCConfigurationList section */
	};
	rootObject = 038B18DF1D1270D7007C1CC8 /* Project object */;
}
