// !$*UTF8*$!
{
	archiveVersion = 1;
	classes = {
	};
	objectVersion = 46;
	objects = {

/* Begin PBXBuildFile section */
		038B18EC1D1270D7007C1CC8 /* main.m in Sources */ = {isa = PBXBuildFile; fileRef = 038B18EB1D1270D7007C1CC8 /* main.m */; };
		038B18EF1D1270D7007C1CC8 /* AppDelegate.m in Sources */ = {isa = PBXBuildFile; fileRef = 038B18EE1D1270D7007C1CC8 /* AppDelegate.m */; };
		038B18F21D1270D7007C1CC8 /* ViewController.m in Sources */ = {isa = PBXBuildFile; fileRef = 038B18F11D1270D7007C1CC8 /* ViewController.m */; };
		038B18F51D1270D7007C1CC8 /* Main.storyboard in Resources */ = {isa = PBXBuildFile; fileRef = 038B18F31D1270D7007C1CC8 /* Main.storyboard */; };
		038B18F71D1270D7007C1CC8 /* Assets.xcassets in Resources */ = {isa = PBXBuildFile; fileRef = 038B18F61D1270D7007C1CC8 /* Assets.xcassets */; };
		038B18FA1D1270D7007C1CC8 /* LaunchScreen.storyboard in Resources */ = {isa = PBXBuildFile; fileRef = 038B18F81D1270D7007C1CC8 /* LaunchScreen.storyboard */; };
		038B19311D12A44B007C1CC8 /* Cipher.m in Sources */ = {isa = PBXBuildFile; fileRef = 038B19081D12A44B007C1CC8 /* Cipher.m */; };
		038B19331D12A44B007C1CC8 /* NSDate+Addition.m in Sources */ = {isa = PBXBuildFile; fileRef = 038B190C1D12A44B007C1CC8 /* NSDate+Addition.m */; };
		038B19341D12A44B007C1CC8 /* NSString+Addition.m in Sources */ = {isa = PBXBuildFile; fileRef = 038B190E1D12A44B007C1CC8 /* NSString+Addition.m */; };
		038B19351D12A44B007C1CC8 /* UIBarButtonItem+Badge.m in Sources */ = {isa = PBXBuildFile; fileRef = 038B19101D12A44B007C1CC8 /* UIBarButtonItem+Badge.m */; };
		038B19371D12A44B007C1CC8 /* UIFont+Addtion.m in Sources */ = {isa = PBXBuildFile; fileRef = 038B19141D12A44B007C1CC8 /* UIFont+Addtion.m */; };
		038B19381D12A44B007C1CC8 /* UIImage+Scale.m in Sources */ = {isa = PBXBuildFile; fileRef = 038B19161D12A44B007C1CC8 /* UIImage+Scale.m */; };
		038B19391D12A44B007C1CC8 /* UIView+Layout.m in Sources */ = {isa = PBXBuildFile; fileRef = 038B19181D12A44B007C1CC8 /* UIView+Layout.m */; };
		038B193A1D12A44B007C1CC8 /* UITableView+GSCacheHeight.m in Sources */ = {isa = PBXBuildFile; fileRef = 038B191B1D12A44B007C1CC8 /* UITableView+GSCacheHeight.m */; };
		038B193C1D12A44B007C1CC8 /* UITableViewCell+GSMasonryAutoCellHeight.m in Sources */ = {isa = PBXBuildFile; fileRef = 038B191F1D12A44B007C1CC8 /* UITableViewCell+GSMasonryAutoCellHeight.m */; };
		038B193E1D12A44B007C1CC8 /* Block-KVO.podspec in Resources */ = {isa = PBXBuildFile; fileRef = 038B19231D12A44B007C1CC8 /* Block-KVO.podspec */; };
		038B193F1D12A44B007C1CC8 /* MTKDeallocator.m in Sources */ = {isa = PBXBuildFile; fileRef = 038B19251D12A44B007C1CC8 /* MTKDeallocator.m */; };
		038B19401D12A44B007C1CC8 /* MTKObserver.m in Sources */ = {isa = PBXBuildFile; fileRef = 038B19271D12A44B007C1CC8 /* MTKObserver.m */; };
		038B19411D12A44B007C1CC8 /* NSObject+MTKObserving.m in Sources */ = {isa = PBXBuildFile; fileRef = 038B192B1D12A44B007C1CC8 /* NSObject+MTKObserving.m */; };
		038B19561D12A88F007C1CC8 /* ASCache.m in Sources */ = {isa = PBXBuildFile; fileRef = 038B19471D12A88F007C1CC8 /* ASCache.m */; };
		038B19571D12A88F007C1CC8 /* EGOCache.m in Sources */ = {isa = PBXBuildFile; fileRef = 038B19491D12A88F007C1CC8 /* EGOCache.m */; };
		038B19581D12A88F007C1CC8 /* ASWaitingView.m in Sources */ = {isa = PBXBuildFile; fileRef = 038B194C1D12A88F007C1CC8 /* ASWaitingView.m */; };
		038B19591D12A88F007C1CC8 /* MBProgressHUD+JY.m in Sources */ = {isa = PBXBuildFile; fileRef = 038B194E1D12A88F007C1CC8 /* MBProgressHUD+JY.m */; };
		038B195A1D12A88F007C1CC8 /* MBProgressHUD.bundle in Resources */ = {isa = PBXBuildFile; fileRef = 038B194F1D12A88F007C1CC8 /* MBProgressHUD.bundle */; };
		038B195B1D12A88F007C1CC8 /* GSValidate.m in Sources */ = {isa = PBXBuildFile; fileRef = 038B19521D12A88F007C1CC8 /* GSValidate.m */; };
		038B195C1D12A88F007C1CC8 /* ASPageView.m in Sources */ = {isa = PBXBuildFile; fileRef = 038B19551D12A88F007C1CC8 /* ASPageView.m */; };
		038B195F1D12A8D8007C1CC8 /* RootViewController.m in Sources */ = {isa = PBXBuildFile; fileRef = 038B195E1D12A8D8007C1CC8 /* RootViewController.m */; };
		03BB29511D17757800EDEDFD /* MainTabBarVc.m in Sources */ = {isa = PBXBuildFile; fileRef = 03BB29501D17757800EDEDFD /* MainTabBarVc.m */; };
		03BB29541D17765F00EDEDFD /* UITabBarItem+Universal.m in Sources */ = {isa = PBXBuildFile; fileRef = 03BB29531D17765F00EDEDFD /* UITabBarItem+Universal.m */; };
		03BB295C1D17821700EDEDFD /* MainVc.m in Sources */ = {isa = PBXBuildFile; fileRef = 03BB295B1D17821700EDEDFD /* MainVc.m */; };
		03BB295F1D17822C00EDEDFD /* UserVc.m in Sources */ = {isa = PBXBuildFile; fileRef = 03BB295E1D17822C00EDEDFD /* UserVc.m */; };
		03BB29621D17824C00EDEDFD /* NewsVc.m in Sources */ = {isa = PBXBuildFile; fileRef = 03BB29611D17824C00EDEDFD /* NewsVc.m */; };
		03BB29651D17825800EDEDFD /* HistoryVc.m in Sources */ = {isa = PBXBuildFile; fileRef = 03BB29641D17825800EDEDFD /* HistoryVc.m */; };
		03BB29681D17826400EDEDFD /* ListVc.m in Sources */ = {isa = PBXBuildFile; fileRef = 03BB29671D17826400EDEDFD /* ListVc.m */; };
		03BB296F1D178E6B00EDEDFD /* SearchVc.m in Sources */ = {isa = PBXBuildFile; fileRef = 03BB296E1D178E6B00EDEDFD /* SearchVc.m */; };
		03BB29731D1799A400EDEDFD /* MainClassView.m in Sources */ = {isa = PBXBuildFile; fileRef = 03BB29721D1799A400EDEDFD /* MainClassView.m */; };
		03BB29771D179A7500EDEDFD /* MainClassModel.m in Sources */ = {isa = PBXBuildFile; fileRef = 03BB29761D179A7500EDEDFD /* MainClassModel.m */; };
		03BB297A1D17B14300EDEDFD /* GoodsView.m in Sources */ = {isa = PBXBuildFile; fileRef = 03BB29791D17B14300EDEDFD /* GoodsView.m */; };
		03BB297D1D17B1BC00EDEDFD /* MainGoodsModel.m in Sources */ = {isa = PBXBuildFile; fileRef = 03BB297C1D17B1BC00EDEDFD /* MainGoodsModel.m */; };
		03BB29801D17C8D200EDEDFD /* MainTopView.m in Sources */ = {isa = PBXBuildFile; fileRef = 03BB297F1D17C8D200EDEDFD /* MainTopView.m */; };
		03BB29831D17C91E00EDEDFD /* MainSegmentView.m in Sources */ = {isa = PBXBuildFile; fileRef = 03BB29821D17C91E00EDEDFD /* MainSegmentView.m */; };
		03BB29871D17CBB900EDEDFD /* XLPlainFlowLayout.m in Sources */ = {isa = PBXBuildFile; fileRef = 03BB29861D17CBB900EDEDFD /* XLPlainFlowLayout.m */; };
		03BB298B1D17CC1900EDEDFD /* MainGoodsListCell.m in Sources */ = {isa = PBXBuildFile; fileRef = 03BB29891D17CC1900EDEDFD /* MainGoodsListCell.m */; };
		03BB298C1D17CC1900EDEDFD /* MainGoodsListCell.xib in Resources */ = {isa = PBXBuildFile; fileRef = 03BB298A1D17CC1900EDEDFD /* MainGoodsListCell.xib */; };
		03BB298F1D17CDD900EDEDFD /* LoginVC.m in Sources */ = {isa = PBXBuildFile; fileRef = 03BB298E1D17CDD900EDEDFD /* LoginVC.m */; };
		7CFE79213E058E49324C66B2 /* libPods-BuyApp.a in Frameworks */ = {isa = PBXBuildFile; fileRef = 375A0C6C2CA33FE8A8CA6566 /* libPods-BuyApp.a */; };
/* End PBXBuildFile section */

/* Begin PBXFileReference section */
		038B18E71D1270D7007C1CC8 /* BuyApp.app */ = {isa = PBXFileReference; explicitFileType = wrapper.application; includeInIndex = 0; path = BuyApp.app; sourceTree = BUILT_PRODUCTS_DIR; };
		038B18EB1D1270D7007C1CC8 /* main.m */ = {isa = PBXFileReference; lastKnownFileType = sourcecode.c.objc; path = main.m; sourceTree = "<group>"; };
		038B18ED1D1270D7007C1CC8 /* AppDelegate.h */ = {isa = PBXFileReference; lastKnownFileType = sourcecode.c.h; path = AppDelegate.h; sourceTree = "<group>"; };
		038B18EE1D1270D7007C1CC8 /* AppDelegate.m */ = {isa = PBXFileReference; lastKnownFileType = sourcecode.c.objc; path = AppDelegate.m; sourceTree = "<group>"; };
		038B18F01D1270D7007C1CC8 /* ViewController.h */ = {isa = PBXFileReference; lastKnownFileType = sourcecode.c.h; path = ViewController.h; sourceTree = "<group>"; };
		038B18F11D1270D7007C1CC8 /* ViewController.m */ = {isa = PBXFileReference; lastKnownFileType = sourcecode.c.objc; path = ViewController.m; sourceTree = "<group>"; };
		038B18F41D1270D7007C1CC8 /* Base */ = {isa = PBXFileReference; lastKnownFileType = file.storyboard; name = Base; path = Base.lproj/Main.storyboard; sourceTree = "<group>"; };
		038B18F61D1270D7007C1CC8 /* Assets.xcassets */ = {isa = PBXFileReference; lastKnownFileType = folder.assetcatalog; path = Assets.xcassets; sourceTree = "<group>"; };
		038B18F91D1270D7007C1CC8 /* Base */ = {isa = PBXFileReference; lastKnownFileType = file.storyboard; name = Base; path = Base.lproj/LaunchScreen.storyboard; sourceTree = "<group>"; };
		038B18FB1D1270D7007C1CC8 /* Info.plist */ = {isa = PBXFileReference; lastKnownFileType = text.plist.xml; path = Info.plist; sourceTree = "<group>"; };
		038B19071D12A44B007C1CC8 /* Cipher.h */ = {isa = PBXFileReference; fileEncoding = 4; lastKnownFileType = sourcecode.c.h; path = Cipher.h; sourceTree = "<group>"; };
		038B19081D12A44B007C1CC8 /* Cipher.m */ = {isa = PBXFileReference; fileEncoding = 4; lastKnownFileType = sourcecode.c.objc; path = Cipher.m; sourceTree = "<group>"; };
		038B190B1D12A44B007C1CC8 /* NSDate+Addition.h */ = {isa = PBXFileReference; fileEncoding = 4; lastKnownFileType = sourcecode.c.h; path = "NSDate+Addition.h"; sourceTree = "<group>"; };
		038B190C1D12A44B007C1CC8 /* NSDate+Addition.m */ = {isa = PBXFileReference; fileEncoding = 4; lastKnownFileType = sourcecode.c.objc; path = "NSDate+Addition.m"; sourceTree = "<group>"; };
		038B190D1D12A44B007C1CC8 /* NSString+Addition.h */ = {isa = PBXFileReference; fileEncoding = 4; lastKnownFileType = sourcecode.c.h; path = "NSString+Addition.h"; sourceTree = "<group>"; };
		038B190E1D12A44B007C1CC8 /* NSString+Addition.m */ = {isa = PBXFileReference; fileEncoding = 4; lastKnownFileType = sourcecode.c.objc; path = "NSString+Addition.m"; sourceTree = "<group>"; };
		038B190F1D12A44B007C1CC8 /* UIBarButtonItem+Badge.h */ = {isa = PBXFileReference; fileEncoding = 4; lastKnownFileType = sourcecode.c.h; path = "UIBarButtonItem+Badge.h"; sourceTree = "<group>"; };
		038B19101D12A44B007C1CC8 /* UIBarButtonItem+Badge.m */ = {isa = PBXFileReference; fileEncoding = 4; lastKnownFileType = sourcecode.c.objc; path = "UIBarButtonItem+Badge.m"; sourceTree = "<group>"; };
		038B19131D12A44B007C1CC8 /* UIFont+Addtion.h */ = {isa = PBXFileReference; fileEncoding = 4; lastKnownFileType = sourcecode.c.h; path = "UIFont+Addtion.h"; sourceTree = "<group>"; };
		038B19141D12A44B007C1CC8 /* UIFont+Addtion.m */ = {isa = PBXFileReference; fileEncoding = 4; lastKnownFileType = sourcecode.c.objc; path = "UIFont+Addtion.m"; sourceTree = "<group>"; };
		038B19151D12A44B007C1CC8 /* UIImage+Scale.h */ = {isa = PBXFileReference; fileEncoding = 4; lastKnownFileType = sourcecode.c.h; path = "UIImage+Scale.h"; sourceTree = "<group>"; };
		038B19161D12A44B007C1CC8 /* UIImage+Scale.m */ = {isa = PBXFileReference; fileEncoding = 4; lastKnownFileType = sourcecode.c.objc; path = "UIImage+Scale.m"; sourceTree = "<group>"; };
		038B19171D12A44B007C1CC8 /* UIView+Layout.h */ = {isa = PBXFileReference; fileEncoding = 4; lastKnownFileType = sourcecode.c.h; path = "UIView+Layout.h"; sourceTree = "<group>"; };
		038B19181D12A44B007C1CC8 /* UIView+Layout.m */ = {isa = PBXFileReference; fileEncoding = 4; lastKnownFileType = sourcecode.c.objc; path = "UIView+Layout.m"; sourceTree = "<group>"; };
		038B191A1D12A44B007C1CC8 /* UITableView+GSCacheHeight.h */ = {isa = PBXFileReference; fileEncoding = 4; lastKnownFileType = sourcecode.c.h; path = "UITableView+GSCacheHeight.h"; sourceTree = "<group>"; };
		038B191B1D12A44B007C1CC8 /* UITableView+GSCacheHeight.m */ = {isa = PBXFileReference; fileEncoding = 4; lastKnownFileType = sourcecode.c.objc; path = "UITableView+GSCacheHeight.m"; sourceTree = "<group>"; };
		038B191E1D12A44B007C1CC8 /* UITableViewCell+GSMasonryAutoCellHeight.h */ = {isa = PBXFileReference; fileEncoding = 4; lastKnownFileType = sourcecode.c.h; path = "UITableViewCell+GSMasonryAutoCellHeight.h"; sourceTree = "<group>"; };
		038B191F1D12A44B007C1CC8 /* UITableViewCell+GSMasonryAutoCellHeight.m */ = {isa = PBXFileReference; fileEncoding = 4; lastKnownFileType = sourcecode.c.objc; path = "UITableViewCell+GSMasonryAutoCellHeight.m"; sourceTree = "<group>"; };
		038B19231D12A44B007C1CC8 /* Block-KVO.podspec */ = {isa = PBXFileReference; fileEncoding = 4; lastKnownFileType = text; path = "Block-KVO.podspec"; sourceTree = "<group>"; };
		038B19241D12A44B007C1CC8 /* MTKDeallocator.h */ = {isa = PBXFileReference; fileEncoding = 4; lastKnownFileType = sourcecode.c.h; path = MTKDeallocator.h; sourceTree = "<group>"; };
		038B19251D12A44B007C1CC8 /* MTKDeallocator.m */ = {isa = PBXFileReference; fileEncoding = 4; lastKnownFileType = sourcecode.c.objc; path = MTKDeallocator.m; sourceTree = "<group>"; };
		038B19261D12A44B007C1CC8 /* MTKObserver.h */ = {isa = PBXFileReference; fileEncoding = 4; lastKnownFileType = sourcecode.c.h; path = MTKObserver.h; sourceTree = "<group>"; };
		038B19271D12A44B007C1CC8 /* MTKObserver.m */ = {isa = PBXFileReference; fileEncoding = 4; lastKnownFileType = sourcecode.c.objc; path = MTKObserver.m; sourceTree = "<group>"; };
		038B19281D12A44B007C1CC8 /* MTKObserving.h */ = {isa = PBXFileReference; fileEncoding = 4; lastKnownFileType = sourcecode.c.h; path = MTKObserving.h; sourceTree = "<group>"; };
		038B19291D12A44B007C1CC8 /* MTKObservingMacros.h */ = {isa = PBXFileReference; fileEncoding = 4; lastKnownFileType = sourcecode.c.h; path = MTKObservingMacros.h; sourceTree = "<group>"; };
		038B192A1D12A44B007C1CC8 /* NSObject+MTKObserving.h */ = {isa = PBXFileReference; fileEncoding = 4; lastKnownFileType = sourcecode.c.h; path = "NSObject+MTKObserving.h"; sourceTree = "<group>"; };
		038B192B1D12A44B007C1CC8 /* NSObject+MTKObserving.m */ = {isa = PBXFileReference; fileEncoding = 4; lastKnownFileType = sourcecode.c.objc; path = "NSObject+MTKObserving.m"; sourceTree = "<group>"; };
		038B192D1D12A44B007C1CC8 /* keypath.h */ = {isa = PBXFileReference; fileEncoding = 4; lastKnownFileType = sourcecode.c.h; path = keypath.h; sourceTree = "<group>"; };
		038B192E1D12A44B007C1CC8 /* metamacros.h */ = {isa = PBXFileReference; fileEncoding = 4; lastKnownFileType = sourcecode.c.h; path = metamacros.h; sourceTree = "<group>"; };
		038B192F1D12A44B007C1CC8 /* scope.h */ = {isa = PBXFileReference; fileEncoding = 4; lastKnownFileType = sourcecode.c.h; path = scope.h; sourceTree = "<group>"; };
		038B19431D12A4DA007C1CC8 /* PrefixHeader.pch */ = {isa = PBXFileReference; lastKnownFileType = sourcecode.c.h; path = PrefixHeader.pch; sourceTree = "<group>"; };
		038B19441D12A528007C1CC8 /* Define.h */ = {isa = PBXFileReference; lastKnownFileType = sourcecode.c.h; path = Define.h; sourceTree = "<group>"; };
		038B19461D12A88F007C1CC8 /* ASCache.h */ = {isa = PBXFileReference; fileEncoding = 4; lastKnownFileType = sourcecode.c.h; path = ASCache.h; sourceTree = "<group>"; };
		038B19471D12A88F007C1CC8 /* ASCache.m */ = {isa = PBXFileReference; fileEncoding = 4; lastKnownFileType = sourcecode.c.objc; path = ASCache.m; sourceTree = "<group>"; };
		038B19481D12A88F007C1CC8 /* EGOCache.h */ = {isa = PBXFileReference; fileEncoding = 4; lastKnownFileType = sourcecode.c.h; path = EGOCache.h; sourceTree = "<group>"; };
		038B19491D12A88F007C1CC8 /* EGOCache.m */ = {isa = PBXFileReference; fileEncoding = 4; lastKnownFileType = sourcecode.c.objc; path = EGOCache.m; sourceTree = "<group>"; };
		038B194B1D12A88F007C1CC8 /* ASWaitingView.h */ = {isa = PBXFileReference; fileEncoding = 4; lastKnownFileType = sourcecode.c.h; path = ASWaitingView.h; sourceTree = "<group>"; };
		038B194C1D12A88F007C1CC8 /* ASWaitingView.m */ = {isa = PBXFileReference; fileEncoding = 4; lastKnownFileType = sourcecode.c.objc; path = ASWaitingView.m; sourceTree = "<group>"; };
		038B194D1D12A88F007C1CC8 /* MBProgressHUD+JY.h */ = {isa = PBXFileReference; fileEncoding = 4; lastKnownFileType = sourcecode.c.h; path = "MBProgressHUD+JY.h"; sourceTree = "<group>"; };
		038B194E1D12A88F007C1CC8 /* MBProgressHUD+JY.m */ = {isa = PBXFileReference; fileEncoding = 4; lastKnownFileType = sourcecode.c.objc; path = "MBProgressHUD+JY.m"; sourceTree = "<group>"; };
		038B194F1D12A88F007C1CC8 /* MBProgressHUD.bundle */ = {isa = PBXFileReference; lastKnownFileType = "wrapper.plug-in"; path = MBProgressHUD.bundle; sourceTree = "<group>"; };
		038B19511D12A88F007C1CC8 /* GSValidate.h */ = {isa = PBXFileReference; fileEncoding = 4; lastKnownFileType = sourcecode.c.h; path = GSValidate.h; sourceTree = "<group>"; };
		038B19521D12A88F007C1CC8 /* GSValidate.m */ = {isa = PBXFileReference; fileEncoding = 4; lastKnownFileType = sourcecode.c.objc; path = GSValidate.m; sourceTree = "<group>"; };
		038B19541D12A88F007C1CC8 /* ASPageView.h */ = {isa = PBXFileReference; fileEncoding = 4; lastKnownFileType = sourcecode.c.h; path = ASPageView.h; sourceTree = "<group>"; };
		038B19551D12A88F007C1CC8 /* ASPageView.m */ = {isa = PBXFileReference; fileEncoding = 4; lastKnownFileType = sourcecode.c.objc; path = ASPageView.m; sourceTree = "<group>"; };
		038B195D1D12A8D8007C1CC8 /* RootViewController.h */ = {isa = PBXFileReference; fileEncoding = 4; lastKnownFileType = sourcecode.c.h; path = RootViewController.h; sourceTree = "<group>"; };
		038B195E1D12A8D8007C1CC8 /* RootViewController.m */ = {isa = PBXFileReference; fileEncoding = 4; lastKnownFileType = sourcecode.c.objc; path = RootViewController.m; sourceTree = "<group>"; };
		03BB294F1D17757800EDEDFD /* MainTabBarVc.h */ = {isa = PBXFileReference; fileEncoding = 4; lastKnownFileType = sourcecode.c.h; path = MainTabBarVc.h; sourceTree = "<group>"; };
		03BB29501D17757800EDEDFD /* MainTabBarVc.m */ = {isa = PBXFileReference; fileEncoding = 4; lastKnownFileType = sourcecode.c.objc; path = MainTabBarVc.m; sourceTree = "<group>"; };
		03BB29521D17765F00EDEDFD /* UITabBarItem+Universal.h */ = {isa = PBXFileReference; fileEncoding = 4; lastKnownFileType = sourcecode.c.h; path = "UITabBarItem+Universal.h"; sourceTree = "<group>"; };
		03BB29531D17765F00EDEDFD /* UITabBarItem+Universal.m */ = {isa = PBXFileReference; fileEncoding = 4; lastKnownFileType = sourcecode.c.objc; path = "UITabBarItem+Universal.m"; sourceTree = "<group>"; };
		03BB295A1D17821700EDEDFD /* MainVc.h */ = {isa = PBXFileReference; fileEncoding = 4; lastKnownFileType = sourcecode.c.h; path = MainVc.h; sourceTree = "<group>"; };
		03BB295B1D17821700EDEDFD /* MainVc.m */ = {isa = PBXFileReference; fileEncoding = 4; lastKnownFileType = sourcecode.c.objc; path = MainVc.m; sourceTree = "<group>"; };
		03BB295D1D17822C00EDEDFD /* UserVc.h */ = {isa = PBXFileReference; fileEncoding = 4; lastKnownFileType = sourcecode.c.h; path = UserVc.h; sourceTree = "<group>"; };
		03BB295E1D17822C00EDEDFD /* UserVc.m */ = {isa = PBXFileReference; fileEncoding = 4; lastKnownFileType = sourcecode.c.objc; path = UserVc.m; sourceTree = "<group>"; };
		03BB29601D17824C00EDEDFD /* NewsVc.h */ = {isa = PBXFileReference; fileEncoding = 4; lastKnownFileType = sourcecode.c.h; path = NewsVc.h; sourceTree = "<group>"; };
		03BB29611D17824C00EDEDFD /* NewsVc.m */ = {isa = PBXFileReference; fileEncoding = 4; lastKnownFileType = sourcecode.c.objc; path = NewsVc.m; sourceTree = "<group>"; };
		03BB29631D17825800EDEDFD /* HistoryVc.h */ = {isa = PBXFileReference; fileEncoding = 4; lastKnownFileType = sourcecode.c.h; path = HistoryVc.h; sourceTree = "<group>"; };
		03BB29641D17825800EDEDFD /* HistoryVc.m */ = {isa = PBXFileReference; fileEncoding = 4; lastKnownFileType = sourcecode.c.objc; path = HistoryVc.m; sourceTree = "<group>"; };
		03BB29661D17826400EDEDFD /* ListVc.h */ = {isa = PBXFileReference; fileEncoding = 4; lastKnownFileType = sourcecode.c.h; path = ListVc.h; sourceTree = "<group>"; };
		03BB29671D17826400EDEDFD /* ListVc.m */ = {isa = PBXFileReference; fileEncoding = 4; lastKnownFileType = sourcecode.c.objc; path = ListVc.m; sourceTree = "<group>"; };
		03BB296D1D178E6B00EDEDFD /* SearchVc.h */ = {isa = PBXFileReference; fileEncoding = 4; lastKnownFileType = sourcecode.c.h; path = SearchVc.h; sourceTree = "<group>"; };
		03BB296E1D178E6B00EDEDFD /* SearchVc.m */ = {isa = PBXFileReference; fileEncoding = 4; lastKnownFileType = sourcecode.c.objc; path = SearchVc.m; sourceTree = "<group>"; };
		03BB29711D1799A400EDEDFD /* MainClassView.h */ = {isa = PBXFileReference; fileEncoding = 4; lastKnownFileType = sourcecode.c.h; path = MainClassView.h; sourceTree = "<group>"; };
		03BB29721D1799A400EDEDFD /* MainClassView.m */ = {isa = PBXFileReference; fileEncoding = 4; lastKnownFileType = sourcecode.c.objc; path = MainClassView.m; sourceTree = "<group>"; };
		03BB29751D179A7500EDEDFD /* MainClassModel.h */ = {isa = PBXFileReference; fileEncoding = 4; lastKnownFileType = sourcecode.c.h; path = MainClassModel.h; sourceTree = "<group>"; };
		03BB29761D179A7500EDEDFD /* MainClassModel.m */ = {isa = PBXFileReference; fileEncoding = 4; lastKnownFileType = sourcecode.c.objc; path = MainClassModel.m; sourceTree = "<group>"; };
		03BB29781D17B14300EDEDFD /* GoodsView.h */ = {isa = PBXFileReference; fileEncoding = 4; lastKnownFileType = sourcecode.c.h; path = GoodsView.h; sourceTree = "<group>"; };
		03BB29791D17B14300EDEDFD /* GoodsView.m */ = {isa = PBXFileReference; fileEncoding = 4; lastKnownFileType = sourcecode.c.objc; path = GoodsView.m; sourceTree = "<group>"; };
		03BB297B1D17B1BC00EDEDFD /* MainGoodsModel.h */ = {isa = PBXFileReference; fileEncoding = 4; lastKnownFileType = sourcecode.c.h; path = MainGoodsModel.h; sourceTree = "<group>"; };
		03BB297C1D17B1BC00EDEDFD /* MainGoodsModel.m */ = {isa = PBXFileReference; fileEncoding = 4; lastKnownFileType = sourcecode.c.objc; path = MainGoodsModel.m; sourceTree = "<group>"; };
		03BB297E1D17C8D200EDEDFD /* MainTopView.h */ = {isa = PBXFileReference; fileEncoding = 4; lastKnownFileType = sourcecode.c.h; path = MainTopView.h; sourceTree = "<group>"; };
		03BB297F1D17C8D200EDEDFD /* MainTopView.m */ = {isa = PBXFileReference; fileEncoding = 4; lastKnownFileType = sourcecode.c.objc; path = MainTopView.m; sourceTree = "<group>"; };
		03BB29811D17C91E00EDEDFD /* MainSegmentView.h */ = {isa = PBXFileReference; fileEncoding = 4; lastKnownFileType = sourcecode.c.h; path = MainSegmentView.h; sourceTree = "<group>"; };
		03BB29821D17C91E00EDEDFD /* MainSegmentView.m */ = {isa = PBXFileReference; fileEncoding = 4; lastKnownFileType = sourcecode.c.objc; path = MainSegmentView.m; sourceTree = "<group>"; };
		03BB29851D17CBB900EDEDFD /* XLPlainFlowLayout.h */ = {isa = PBXFileReference; fileEncoding = 4; lastKnownFileType = sourcecode.c.h; path = XLPlainFlowLayout.h; sourceTree = "<group>"; };
		03BB29861D17CBB900EDEDFD /* XLPlainFlowLayout.m */ = {isa = PBXFileReference; fileEncoding = 4; lastKnownFileType = sourcecode.c.objc; path = XLPlainFlowLayout.m; sourceTree = "<group>"; };
		03BB29881D17CC1900EDEDFD /* MainGoodsListCell.h */ = {isa = PBXFileReference; fileEncoding = 4; lastKnownFileType = sourcecode.c.h; path = MainGoodsListCell.h; sourceTree = "<group>"; };
		03BB29891D17CC1900EDEDFD /* MainGoodsListCell.m */ = {isa = PBXFileReference; fileEncoding = 4; lastKnownFileType = sourcecode.c.objc; path = MainGoodsListCell.m; sourceTree = "<group>"; };
		03BB298A1D17CC1900EDEDFD /* MainGoodsListCell.xib */ = {isa = PBXFileReference; fileEncoding = 4; lastKnownFileType = file.xib; path = MainGoodsListCell.xib; sourceTree = "<group>"; };
		03BB298D1D17CDD900EDEDFD /* LoginVC.h */ = {isa = PBXFileReference; fileEncoding = 4; lastKnownFileType = sourcecode.c.h; path = LoginVC.h; sourceTree = "<group>"; };
		03BB298E1D17CDD900EDEDFD /* LoginVC.m */ = {isa = PBXFileReference; fileEncoding = 4; lastKnownFileType = sourcecode.c.objc; path = LoginVC.m; sourceTree = "<group>"; };
		2580A6A1EA86AEEE5E9E090A /* Pods-BuyApp.debug.xcconfig */ = {isa = PBXFileReference; includeInIndex = 1; lastKnownFileType = text.xcconfig; name = "Pods-BuyApp.debug.xcconfig"; path = "Pods/Target Support Files/Pods-BuyApp/Pods-BuyApp.debug.xcconfig"; sourceTree = "<group>"; };
		375A0C6C2CA33FE8A8CA6566 /* libPods-BuyApp.a */ = {isa = PBXFileReference; explicitFileType = archive.ar; includeInIndex = 0; path = "libPods-BuyApp.a"; sourceTree = BUILT_PRODUCTS_DIR; };
		8FEB94A319220DAEE3B9142A /* Pods-BuyApp.release.xcconfig */ = {isa = PBXFileReference; includeInIndex = 1; lastKnownFileType = text.xcconfig; name = "Pods-BuyApp.release.xcconfig"; path = "Pods/Target Support Files/Pods-BuyApp/Pods-BuyApp.release.xcconfig"; sourceTree = "<group>"; };
/* End PBXFileReference section */

/* Begin PBXFrameworksBuildPhase section */
		038B18E41D1270D7007C1CC8 /* Frameworks */ = {
			isa = PBXFrameworksBuildPhase;
			buildActionMask = 2147483647;
			files = (
				7CFE79213E058E49324C66B2 /* libPods-BuyApp.a in Frameworks */,
			);
			runOnlyForDeploymentPostprocessing = 0;
		};
/* End PBXFrameworksBuildPhase section */

/* Begin PBXGroup section */
		038B18DE1D1270D7007C1CC8 = {
			isa = PBXGroup;
			children = (
				038B18E91D1270D7007C1CC8 /* BuyApp */,
				038B18EA1D1270D7007C1CC8 /* Supporting Files */,
				038B18E81D1270D7007C1CC8 /* Products */,
				47A94786D2995C14EA5D620B /* Pods */,
				D0EA62AC7BE5431D707B8431 /* Frameworks */,
			);
			sourceTree = "<group>";
		};
		038B18E81D1270D7007C1CC8 /* Products */ = {
			isa = PBXGroup;
			children = (
				038B18E71D1270D7007C1CC8 /* BuyApp.app */,
			);
			name = Products;
			sourceTree = "<group>";
		};
		038B18E91D1270D7007C1CC8 /* BuyApp */ = {
			isa = PBXGroup;
			children = (
				038B19441D12A528007C1CC8 /* Define.h */,
				038B18ED1D1270D7007C1CC8 /* AppDelegate.h */,
				038B18EE1D1270D7007C1CC8 /* AppDelegate.m */,
				03BB294F1D17757800EDEDFD /* MainTabBarVc.h */,
				03BB29501D17757800EDEDFD /* MainTabBarVc.m */,
				038B18F01D1270D7007C1CC8 /* ViewController.h */,
				038B18F11D1270D7007C1CC8 /* ViewController.m */,
				038B195D1D12A8D8007C1CC8 /* RootViewController.h */,
				038B195E1D12A8D8007C1CC8 /* RootViewController.m */,
				03BB29691D17872500EDEDFD /* 登录注册 */,
				03BB29551D1781E300EDEDFD /* 多宝记录 */,
				03BB29561D1781E300EDEDFD /* 清单 */,
				03BB29571D1781E300EDEDFD /* 首页 */,
				03BB29581D1781E300EDEDFD /* 我 */,
				03BB29591D1781E300EDEDFD /* 最新揭晓 */,
				038B19031D12A44B007C1CC8 /* PlusIn */,
				038B18F61D1270D7007C1CC8 /* Assets.xcassets */,
				038B19421D12A453007C1CC8 /* Configuration */,
			);
			path = BuyApp;
			sourceTree = "<group>";
		};
		038B18EA1D1270D7007C1CC8 /* Supporting Files */ = {
			isa = PBXGroup;
			children = (
				038B18EB1D1270D7007C1CC8 /* main.m */,
			);
			name = "Supporting Files";
			path = BuyApp;
			sourceTree = "<group>";
		};
		038B19031D12A44B007C1CC8 /* PlusIn */ = {
			isa = PBXGroup;
			children = (
				03BB29841D17CBB900EDEDFD /* XLPlainFlowLayout */,
				038B19451D12A88F007C1CC8 /* 缓存 */,
				038B194A1D12A88F007C1CC8 /* 加载等待视图 */,
				038B19501D12A88F007C1CC8 /* 检测合法字符 */,
				038B19531D12A88F007C1CC8 /* 循环滚动广告位 */,
				038B19041D12A44B007C1CC8 /* Category */,
				038B19191D12A44B007C1CC8 /* Cell高度计算缓存 */,
				038B19221D12A44B007C1CC8 /* KVO_Block */,
			);
			path = PlusIn;
			sourceTree = "<group>";
		};
		038B19041D12A44B007C1CC8 /* Category */ = {
			isa = PBXGroup;
			children = (
				038B19071D12A44B007C1CC8 /* Cipher.h */,
				038B19081D12A44B007C1CC8 /* Cipher.m */,
				038B190B1D12A44B007C1CC8 /* NSDate+Addition.h */,
				038B190C1D12A44B007C1CC8 /* NSDate+Addition.m */,
				038B190D1D12A44B007C1CC8 /* NSString+Addition.h */,
				038B190E1D12A44B007C1CC8 /* NSString+Addition.m */,
				038B190F1D12A44B007C1CC8 /* UIBarButtonItem+Badge.h */,
				038B19101D12A44B007C1CC8 /* UIBarButtonItem+Badge.m */,
				038B19131D12A44B007C1CC8 /* UIFont+Addtion.h */,
				038B19141D12A44B007C1CC8 /* UIFont+Addtion.m */,
				038B19151D12A44B007C1CC8 /* UIImage+Scale.h */,
				038B19161D12A44B007C1CC8 /* UIImage+Scale.m */,
				038B19171D12A44B007C1CC8 /* UIView+Layout.h */,
				038B19181D12A44B007C1CC8 /* UIView+Layout.m */,
				03BB29521D17765F00EDEDFD /* UITabBarItem+Universal.h */,
				03BB29531D17765F00EDEDFD /* UITabBarItem+Universal.m */,
			);
			path = Category;
			sourceTree = "<group>";
		};
		038B19191D12A44B007C1CC8 /* Cell高度计算缓存 */ = {
			isa = PBXGroup;
			children = (
				038B191A1D12A44B007C1CC8 /* UITableView+GSCacheHeight.h */,
				038B191B1D12A44B007C1CC8 /* UITableView+GSCacheHeight.m */,
				038B191E1D12A44B007C1CC8 /* UITableViewCell+GSMasonryAutoCellHeight.h */,
				038B191F1D12A44B007C1CC8 /* UITableViewCell+GSMasonryAutoCellHeight.m */,
			);
			path = "Cell高度计算缓存";
			sourceTree = "<group>";
		};
		038B19221D12A44B007C1CC8 /* KVO_Block */ = {
			isa = PBXGroup;
			children = (
				038B19231D12A44B007C1CC8 /* Block-KVO.podspec */,
				038B19241D12A44B007C1CC8 /* MTKDeallocator.h */,
				038B19251D12A44B007C1CC8 /* MTKDeallocator.m */,
				038B19261D12A44B007C1CC8 /* MTKObserver.h */,
				038B19271D12A44B007C1CC8 /* MTKObserver.m */,
				038B19281D12A44B007C1CC8 /* MTKObserving.h */,
				038B19291D12A44B007C1CC8 /* MTKObservingMacros.h */,
				038B192A1D12A44B007C1CC8 /* NSObject+MTKObserving.h */,
				038B192B1D12A44B007C1CC8 /* NSObject+MTKObserving.m */,
				038B192C1D12A44B007C1CC8 /* Utilities */,
			);
			path = KVO_Block;
			sourceTree = "<group>";
		};
		038B192C1D12A44B007C1CC8 /* Utilities */ = {
			isa = PBXGroup;
			children = (
				038B192D1D12A44B007C1CC8 /* keypath.h */,
				038B192E1D12A44B007C1CC8 /* metamacros.h */,
				038B192F1D12A44B007C1CC8 /* scope.h */,
			);
			path = Utilities;
			sourceTree = "<group>";
		};
		038B19421D12A453007C1CC8 /* Configuration */ = {
			isa = PBXGroup;
			children = (
				038B18F31D1270D7007C1CC8 /* Main.storyboard */,
				038B18F81D1270D7007C1CC8 /* LaunchScreen.storyboard */,
				038B18FB1D1270D7007C1CC8 /* Info.plist */,
				038B19431D12A4DA007C1CC8 /* PrefixHeader.pch */,
			);
			name = Configuration;
			sourceTree = "<group>";
		};
		038B19451D12A88F007C1CC8 /* 缓存 */ = {
			isa = PBXGroup;
			children = (
				038B19461D12A88F007C1CC8 /* ASCache.h */,
				038B19471D12A88F007C1CC8 /* ASCache.m */,
				038B19481D12A88F007C1CC8 /* EGOCache.h */,
				038B19491D12A88F007C1CC8 /* EGOCache.m */,
			);
			path = "缓存";
			sourceTree = "<group>";
		};
		038B194A1D12A88F007C1CC8 /* 加载等待视图 */ = {
			isa = PBXGroup;
			children = (
				038B194B1D12A88F007C1CC8 /* ASWaitingView.h */,
				038B194C1D12A88F007C1CC8 /* ASWaitingView.m */,
				038B194D1D12A88F007C1CC8 /* MBProgressHUD+JY.h */,
				038B194E1D12A88F007C1CC8 /* MBProgressHUD+JY.m */,
				038B194F1D12A88F007C1CC8 /* MBProgressHUD.bundle */,
			);
			path = "加载等待视图";
			sourceTree = "<group>";
		};
		038B19501D12A88F007C1CC8 /* 检测合法字符 */ = {
			isa = PBXGroup;
			children = (
				038B19511D12A88F007C1CC8 /* GSValidate.h */,
				038B19521D12A88F007C1CC8 /* GSValidate.m */,
			);
			path = "检测合法字符";
			sourceTree = "<group>";
		};
		038B19531D12A88F007C1CC8 /* 循环滚动广告位 */ = {
			isa = PBXGroup;
			children = (
				038B19541D12A88F007C1CC8 /* ASPageView.h */,
				038B19551D12A88F007C1CC8 /* ASPageView.m */,
			);
			path = "循环滚动广告位";
			sourceTree = "<group>";
		};
		03BB29551D1781E300EDEDFD /* 多宝记录 */ = {
			isa = PBXGroup;
			children = (
				03BB29631D17825800EDEDFD /* HistoryVc.h */,
				03BB29641D17825800EDEDFD /* HistoryVc.m */,
			);
			path = "多宝记录";
			sourceTree = "<group>";
		};
		03BB29561D1781E300EDEDFD /* 清单 */ = {
			isa = PBXGroup;
			children = (
				03BB29661D17826400EDEDFD /* ListVc.h */,
				03BB29671D17826400EDEDFD /* ListVc.m */,
			);
			path = "清单";
			sourceTree = "<group>";
		};
		03BB29571D1781E300EDEDFD /* 首页 */ = {
			isa = PBXGroup;
			children = (
				03BB29901D17DC9100EDEDFD /* Cell */,
				03BB29741D179A6300EDEDFD /* Model */,
				03BB29701D17998500EDEDFD /* View */,
				03BB295A1D17821700EDEDFD /* MainVc.h */,
				03BB295B1D17821700EDEDFD /* MainVc.m */,
				03BB296D1D178E6B00EDEDFD /* SearchVc.h */,
				03BB296E1D178E6B00EDEDFD /* SearchVc.m */,
			);
			path = "首页";
			sourceTree = "<group>";
		};
		03BB29581D1781E300EDEDFD /* 我 */ = {
			isa = PBXGroup;
			children = (
				03BB295D1D17822C00EDEDFD /* UserVc.h */,
				03BB295E1D17822C00EDEDFD /* UserVc.m */,
			);
			path = "我";
			sourceTree = "<group>";
		};
		03BB29591D1781E300EDEDFD /* 最新揭晓 */ = {
			isa = PBXGroup;
			children = (
				03BB29601D17824C00EDEDFD /* NewsVc.h */,
				03BB29611D17824C00EDEDFD /* NewsVc.m */,
			);
			path = "最新揭晓";
			sourceTree = "<group>";
		};
		03BB29691D17872500EDEDFD /* 登录注册 */ = {
			isa = PBXGroup;
			children = (
				03BB298D1D17CDD900EDEDFD /* LoginVC.h */,
				03BB298E1D17CDD900EDEDFD /* LoginVC.m */,
			);
			path = "登录注册";
			sourceTree = "<group>";
		};
		03BB29701D17998500EDEDFD /* View */ = {
			isa = PBXGroup;
			children = (
				03BB29711D1799A400EDEDFD /* MainClassView.h */,
				03BB29721D1799A400EDEDFD /* MainClassView.m */,
				03BB29781D17B14300EDEDFD /* GoodsView.h */,
				03BB29791D17B14300EDEDFD /* GoodsView.m */,
				03BB297E1D17C8D200EDEDFD /* MainTopView.h */,
				03BB297F1D17C8D200EDEDFD /* MainTopView.m */,
				03BB29811D17C91E00EDEDFD /* MainSegmentView.h */,
				03BB29821D17C91E00EDEDFD /* MainSegmentView.m */,
			);
			name = View;
			sourceTree = "<group>";
		};
		03BB29741D179A6300EDEDFD /* Model */ = {
			isa = PBXGroup;
			children = (
				03BB29751D179A7500EDEDFD /* MainClassModel.h */,
				03BB29761D179A7500EDEDFD /* MainClassModel.m */,
				03BB297B1D17B1BC00EDEDFD /* MainGoodsModel.h */,
				03BB297C1D17B1BC00EDEDFD /* MainGoodsModel.m */,
			);
			name = Model;
			sourceTree = "<group>";
		};
		03BB29841D17CBB900EDEDFD /* XLPlainFlowLayout */ = {
			isa = PBXGroup;
			children = (
				03BB29851D17CBB900EDEDFD /* XLPlainFlowLayout.h */,
				03BB29861D17CBB900EDEDFD /* XLPlainFlowLayout.m */,
			);
			path = XLPlainFlowLayout;
			sourceTree = "<group>";
		};
		03BB29901D17DC9100EDEDFD /* Cell */ = {
			isa = PBXGroup;
			children = (
				03BB29881D17CC1900EDEDFD /* MainGoodsListCell.h */,
				03BB29891D17CC1900EDEDFD /* MainGoodsListCell.m */,
				03BB298A1D17CC1900EDEDFD /* MainGoodsListCell.xib */,
			);
			name = Cell;
			sourceTree = "<group>";
		};
		47A94786D2995C14EA5D620B /* Pods */ = {
			isa = PBXGroup;
			children = (
				2580A6A1EA86AEEE5E9E090A /* Pods-BuyApp.debug.xcconfig */,
				8FEB94A319220DAEE3B9142A /* Pods-BuyApp.release.xcconfig */,
			);
			name = Pods;
			sourceTree = "<group>";
		};
		D0EA62AC7BE5431D707B8431 /* Frameworks */ = {
			isa = PBXGroup;
			children = (
				375A0C6C2CA33FE8A8CA6566 /* libPods-BuyApp.a */,
			);
			name = Frameworks;
			sourceTree = "<group>";
		};
/* End PBXGroup section */

/* Begin PBXNativeTarget section */
		038B18E61D1270D7007C1CC8 /* BuyApp */ = {
			isa = PBXNativeTarget;
			buildConfigurationList = 038B18FE1D1270D7007C1CC8 /* Build configuration list for PBXNativeTarget "BuyApp" */;
			buildPhases = (
				F7C14A7F6708E2E78D02DEAC /* [CP] Check Pods Manifest.lock */,
				038B18E31D1270D7007C1CC8 /* Sources */,
				038B18E41D1270D7007C1CC8 /* Frameworks */,
				038B18E51D1270D7007C1CC8 /* Resources */,
				C6B69F87208E9AAD5767E0CF /* [CP] Embed Pods Frameworks */,
				77811392C8A1AE396ABBFDA3 /* [CP] Copy Pods Resources */,
			);
			buildRules = (
			);
			dependencies = (
			);
			name = BuyApp;
			productName = BuyApp;
			productReference = 038B18E71D1270D7007C1CC8 /* BuyApp.app */;
			productType = "com.apple.product-type.application";
		};
/* End PBXNativeTarget section */

/* Begin PBXProject section */
		038B18DF1D1270D7007C1CC8 /* Project object */ = {
			isa = PBXProject;
			attributes = {
				LastUpgradeCheck = 0730;
				ORGANIZATIONNAME = Super_D;
				TargetAttributes = {
					038B18E61D1270D7007C1CC8 = {
						CreatedOnToolsVersion = 7.3.1;
					};
				};
			};
			buildConfigurationList = 038B18E21D1270D7007C1CC8 /* Build configuration list for PBXProject "BuyApp" */;
			compatibilityVersion = "Xcode 3.2";
			developmentRegion = English;
			hasScannedForEncodings = 0;
			knownRegions = (
				en,
				Base,
			);
			mainGroup = 038B18DE1D1270D7007C1CC8;
			productRefGroup = 038B18E81D1270D7007C1CC8 /* Products */;
			projectDirPath = "";
			projectRoot = "";
			targets = (
				038B18E61D1270D7007C1CC8 /* BuyApp */,
			);
		};
/* End PBXProject section */

/* Begin PBXResourcesBuildPhase section */
		038B18E51D1270D7007C1CC8 /* Resources */ = {
			isa = PBXResourcesBuildPhase;
			buildActionMask = 2147483647;
			files = (
				038B18FA1D1270D7007C1CC8 /* LaunchScreen.storyboard in Resources */,
				038B193E1D12A44B007C1CC8 /* Block-KVO.podspec in Resources */,
				038B195A1D12A88F007C1CC8 /* MBProgressHUD.bundle in Resources */,
				03BB298C1D17CC1900EDEDFD /* MainGoodsListCell.xib in Resources */,
				038B18F71D1270D7007C1CC8 /* Assets.xcassets in Resources */,
				038B18F51D1270D7007C1CC8 /* Main.storyboard in Resources */,
			);
			runOnlyForDeploymentPostprocessing = 0;
		};
/* End PBXResourcesBuildPhase section */

/* Begin PBXShellScriptBuildPhase section */
		77811392C8A1AE396ABBFDA3 /* [CP] Copy Pods Resources */ = {
			isa = PBXShellScriptBuildPhase;
			buildActionMask = 2147483647;
			files = (
			);
			inputPaths = (
			);
			name = "[CP] Copy Pods Resources";
			outputPaths = (
			);
			runOnlyForDeploymentPostprocessing = 0;
			shellPath = /bin/sh;
			shellScript = "\"${SRCROOT}/Pods/Target Support Files/Pods-BuyApp/Pods-BuyApp-resources.sh\"\n";
			showEnvVarsInLog = 0;
		};
		C6B69F87208E9AAD5767E0CF /* [CP] Embed Pods Frameworks */ = {
			isa = PBXShellScriptBuildPhase;
			buildActionMask = 2147483647;
			files = (
			);
			inputPaths = (
			);
			name = "[CP] Embed Pods Frameworks";
			outputPaths = (
			);
			runOnlyForDeploymentPostprocessing = 0;
			shellPath = /bin/sh;
			shellScript = "\"${SRCROOT}/Pods/Target Support Files/Pods-BuyApp/Pods-BuyApp-frameworks.sh\"\n";
			showEnvVarsInLog = 0;
		};
		F7C14A7F6708E2E78D02DEAC /* [CP] Check Pods Manifest.lock */ = {
			isa = PBXShellScriptBuildPhase;
			buildActionMask = 2147483647;
			files = (
			);
			inputPaths = (
			);
			name = "[CP] Check Pods Manifest.lock";
			outputPaths = (
			);
			runOnlyForDeploymentPostprocessing = 0;
			shellPath = /bin/sh;
			shellScript = "diff \"${PODS_ROOT}/../Podfile.lock\" \"${PODS_ROOT}/Manifest.lock\" > /dev/null\nif [[ $? != 0 ]] ; then\n    cat << EOM\nerror: The sandbox is not in sync with the Podfile.lock. Run 'pod install' or update your CocoaPods installation.\nEOM\n    exit 1\nfi\n";
			showEnvVarsInLog = 0;
		};
/* End PBXShellScriptBuildPhase section */

/* Begin PBXSourcesBuildPhase section */
		038B18E31D1270D7007C1CC8 /* Sources */ = {
			isa = PBXSourcesBuildPhase;
			buildActionMask = 2147483647;
			files = (
				03BB29731D1799A400EDEDFD /* MainClassView.m in Sources */,
				038B195C1D12A88F007C1CC8 /* ASPageView.m in Sources */,
				038B18F21D1270D7007C1CC8 /* ViewController.m in Sources */,
				038B19371D12A44B007C1CC8 /* UIFont+Addtion.m in Sources */,
				038B19331D12A44B007C1CC8 /* NSDate+Addition.m in Sources */,
				038B19591D12A88F007C1CC8 /* MBProgressHUD+JY.m in Sources */,
				038B18EF1D1270D7007C1CC8 /* AppDelegate.m in Sources */,
				03BB29871D17CBB900EDEDFD /* XLPlainFlowLayout.m in Sources */,
				03BB297D1D17B1BC00EDEDFD /* MainGoodsModel.m in Sources */,
				038B193C1D12A44B007C1CC8 /* UITableViewCell+GSMasonryAutoCellHeight.m in Sources */,
				038B193A1D12A44B007C1CC8 /* UITableView+GSCacheHeight.m in Sources */,
				03BB29541D17765F00EDEDFD /* UITabBarItem+Universal.m in Sources */,
				03BB295C1D17821700EDEDFD /* MainVc.m in Sources */,
				03BB29831D17C91E00EDEDFD /* MainSegmentView.m in Sources */,
				03BB298F1D17CDD900EDEDFD /* LoginVC.m in Sources */,
				03BB298B1D17CC1900EDEDFD /* MainGoodsListCell.m in Sources */,
				038B19411D12A44B007C1CC8 /* NSObject+MTKObserving.m in Sources */,
				038B19391D12A44B007C1CC8 /* UIView+Layout.m in Sources */,
				03BB29801D17C8D200EDEDFD /* MainTopView.m in Sources */,
				038B193F1D12A44B007C1CC8 /* MTKDeallocator.m in Sources */,
				038B18EC1D1270D7007C1CC8 /* main.m in Sources */,
				038B195B1D12A88F007C1CC8 /* GSValidate.m in Sources */,
				038B19341D12A44B007C1CC8 /* NSString+Addition.m in Sources */,
				03BB29681D17826400EDEDFD /* ListVc.m in Sources */,
				038B19351D12A44B007C1CC8 /* UIBarButtonItem+Badge.m in Sources */,
				03BB29651D17825800EDEDFD /* HistoryVc.m in Sources */,
				038B19581D12A88F007C1CC8 /* ASWaitingView.m in Sources */,
				03BB296F1D178E6B00EDEDFD /* SearchVc.m in Sources */,
				03BB297A1D17B14300EDEDFD /* GoodsView.m in Sources */,
				038B19561D12A88F007C1CC8 /* ASCache.m in Sources */,
				038B19401D12A44B007C1CC8 /* MTKObserver.m in Sources */,
				03BB29511D17757800EDEDFD /* MainTabBarVc.m in Sources */,
				038B195F1D12A8D8007C1CC8 /* RootViewController.m in Sources */,
				03BB29771D179A7500EDEDFD /* MainClassModel.m in Sources */,
				038B19381D12A44B007C1CC8 /* UIImage+Scale.m in Sources */,
				038B19571D12A88F007C1CC8 /* EGOCache.m in Sources */,
				038B19311D12A44B007C1CC8 /* Cipher.m in Sources */,
				03BB29621D17824C00EDEDFD /* NewsVc.m in Sources */,
				03BB295F1D17822C00EDEDFD /* UserVc.m in Sources */,
			);
			runOnlyForDeploymentPostprocessing = 0;
		};
/* End PBXSourcesBuildPhase section */

/* Begin PBXVariantGroup section */
		038B18F31D1270D7007C1CC8 /* Main.storyboard */ = {
			isa = PBXVariantGroup;
			children = (
				038B18F41D1270D7007C1CC8 /* Base */,
			);
			name = Main.storyboard;
			sourceTree = "<group>";
		};
		038B18F81D1270D7007C1CC8 /* LaunchScreen.storyboard */ = {
			isa = PBXVariantGroup;
			children = (
				038B18F91D1270D7007C1CC8 /* Base */,
			);
			name = LaunchScreen.storyboard;
			sourceTree = "<group>";
		};
/* End PBXVariantGroup section */

/* Begin XCBuildConfiguration section */
		038B18FC1D1270D7007C1CC8 /* Debug */ = {
			isa = XCBuildConfiguration;
			buildSettings = {
				ALWAYS_SEARCH_USER_PATHS = NO;
				CLANG_ANALYZER_NONNULL = YES;
				CLANG_CXX_LANGUAGE_STANDARD = "gnu++0x";
				CLANG_CXX_LIBRARY = "libc++";
				CLANG_ENABLE_MODULES = YES;
				CLANG_ENABLE_OBJC_ARC = YES;
				CLANG_WARN_BOOL_CONVERSION = YES;
				CLANG_WARN_CONSTANT_CONVERSION = YES;
				CLANG_WARN_DIRECT_OBJC_ISA_USAGE = YES_ERROR;
				CLANG_WARN_EMPTY_BODY = YES;
				CLANG_WARN_ENUM_CONVERSION = YES;
				CLANG_WARN_INT_CONVERSION = YES;
				CLANG_WARN_OBJC_ROOT_CLASS = YES_ERROR;
				CLANG_WARN_UNREACHABLE_CODE = YES;
				CLANG_WARN__DUPLICATE_METHOD_MATCH = YES;
				"CODE_SIGN_IDENTITY[sdk=iphoneos*]" = "iPhone Developer";
				COPY_PHASE_STRIP = NO;
				DEBUG_INFORMATION_FORMAT = dwarf;
				ENABLE_STRICT_OBJC_MSGSEND = YES;
				ENABLE_TESTABILITY = YES;
				GCC_C_LANGUAGE_STANDARD = gnu99;
				GCC_DYNAMIC_NO_PIC = NO;
				GCC_NO_COMMON_BLOCKS = YES;
				GCC_OPTIMIZATION_LEVEL = 0;
				GCC_PREPROCESSOR_DEFINITIONS = (
					"DEBUG=1",
					"$(inherited)",
				);
				GCC_WARN_64_TO_32_BIT_CONVERSION = YES;
				GCC_WARN_ABOUT_RETURN_TYPE = YES_ERROR;
				GCC_WARN_UNDECLARED_SELECTOR = YES;
				GCC_WARN_UNINITIALIZED_AUTOS = YES_AGGRESSIVE;
				GCC_WARN_UNUSED_FUNCTION = YES;
				GCC_WARN_UNUSED_VARIABLE = YES;
				IPHONEOS_DEPLOYMENT_TARGET = 9.3;
				MTL_ENABLE_DEBUG_INFO = YES;
				ONLY_ACTIVE_ARCH = YES;
				SDKROOT = iphoneos;
			};
			name = Debug;
		};
		038B18FD1D1270D7007C1CC8 /* Release */ = {
			isa = XCBuildConfiguration;
			buildSettings = {
				ALWAYS_SEARCH_USER_PATHS = NO;
				CLANG_ANALYZER_NONNULL = YES;
				CLANG_CXX_LANGUAGE_STANDARD = "gnu++0x";
				CLANG_CXX_LIBRARY = "libc++";
				CLANG_ENABLE_MODULES = YES;
				CLANG_ENABLE_OBJC_ARC = YES;
				CLANG_WARN_BOOL_CONVERSION = YES;
				CLANG_WARN_CONSTANT_CONVERSION = YES;
				CLANG_WARN_DIRECT_OBJC_ISA_USAGE = YES_ERROR;
				CLANG_WARN_EMPTY_BODY = YES;
				CLANG_WARN_ENUM_CONVERSION = YES;
				CLANG_WARN_INT_CONVERSION = YES;
				CLANG_WARN_OBJC_ROOT_CLASS = YES_ERROR;
				CLANG_WARN_UNREACHABLE_CODE = YES;
				CLANG_WARN__DUPLICATE_METHOD_MATCH = YES;
				"CODE_SIGN_IDENTITY[sdk=iphoneos*]" = "iPhone Developer";
				COPY_PHASE_STRIP = NO;
				DEBUG_INFORMATION_FORMAT = "dwarf-with-dsym";
				ENABLE_NS_ASSERTIONS = NO;
				ENABLE_STRICT_OBJC_MSGSEND = YES;
				GCC_C_LANGUAGE_STANDARD = gnu99;
				GCC_NO_COMMON_BLOCKS = YES;
				GCC_WARN_64_TO_32_BIT_CONVERSION = YES;
				GCC_WARN_ABOUT_RETURN_TYPE = YES_ERROR;
				GCC_WARN_UNDECLARED_SELECTOR = YES;
				GCC_WARN_UNINITIALIZED_AUTOS = YES_AGGRESSIVE;
				GCC_WARN_UNUSED_FUNCTION = YES;
				GCC_WARN_UNUSED_VARIABLE = YES;
				IPHONEOS_DEPLOYMENT_TARGET = 9.3;
				MTL_ENABLE_DEBUG_INFO = NO;
				SDKROOT = iphoneos;
				VALIDATE_PRODUCT = YES;
			};
			name = Release;
		};
		038B18FF1D1270D7007C1CC8 /* Debug */ = {
			isa = XCBuildConfiguration;
			baseConfigurationReference = 2580A6A1EA86AEEE5E9E090A /* Pods-BuyApp.debug.xcconfig */;
			buildSettings = {
				ASSETCATALOG_COMPILER_APPICON_NAME = AppIcon;
				GCC_PREFIX_HEADER = BuyApp/PrefixHeader.pch;
				INFOPLIST_FILE = BuyApp/Info.plist;
				IPHONEOS_DEPLOYMENT_TARGET = 7.0;
				LD_RUNPATH_SEARCH_PATHS = "$(inherited) @executable_path/Frameworks";
				PRODUCT_BUNDLE_IDENTIFIER = "com.Super-D.BuyApp.BuyApp";
				PRODUCT_NAME = "$(TARGET_NAME)";
			};
			name = Debug;
		};
		038B19001D1270D7007C1CC8 /* Release */ = {
			isa = XCBuildConfiguration;
			baseConfigurationReference = 8FEB94A319220DAEE3B9142A /* Pods-BuyApp.release.xcconfig */;
			buildSettings = {
				ASSETCATALOG_COMPILER_APPICON_NAME = AppIcon;
				GCC_PREFIX_HEADER = BuyApp/PrefixHeader.pch;
				INFOPLIST_FILE = BuyApp/Info.plist;
				IPHONEOS_DEPLOYMENT_TARGET = 7.0;
				LD_RUNPATH_SEARCH_PATHS = "$(inherited) @executable_path/Frameworks";
				PRODUCT_BUNDLE_IDENTIFIER = "com.Super-D.BuyApp.BuyApp";
				PRODUCT_NAME = "$(TARGET_NAME)";
			};
			name = Release;
		};
/* End XCBuildConfiguration section */

/* Begin XCConfigurationList section */
		038B18E21D1270D7007C1CC8 /* Build configuration list for PBXProject "BuyApp" */ = {
			isa = XCConfigurationList;
			buildConfigurations = (
				038B18FC1D1270D7007C1CC8 /* Debug */,
				038B18FD1D1270D7007C1CC8 /* Release */,
			);
			defaultConfigurationIsVisible = 0;
			defaultConfigurationName = Release;
		};
		038B18FE1D1270D7007C1CC8 /* Build configuration list for PBXNativeTarget "BuyApp" */ = {
			isa = XCConfigurationList;
			buildConfigurations = (
				038B18FF1D1270D7007C1CC8 /* Debug */,
				038B19001D1270D7007C1CC8 /* Release */,
			);
			defaultConfigurationIsVisible = 0;
			defaultConfigurationName = Release;
		};
/* End XCConfigurationList section */
	};
	rootObject = 038B18DF1D1270D7007C1CC8 /* Project object */;
}
